// !$*UTF8*$!
{
	archiveVersion = 1;
	classes = {
	};
	objectVersion = 46;
	objects = {

/* Begin PBXBuildFile section */
		CA028B5A1FCCCFC00023395A /* RQShineLabel.m in Sources */ = {isa = PBXBuildFile; fileRef = CA028B591FCCCFC00023395A /* RQShineLabel.m */; };
		CA065B9F1FCC24A200981EB3 /* ConfettiImages.bundle in Resources */ = {isa = PBXBuildFile; fileRef = CA065B9C1FCC24A200981EB3 /* ConfettiImages.bundle */; };
		CA065BA01FCC24A200981EB3 /* PHConfettiView.m in Sources */ = {isa = PBXBuildFile; fileRef = CA065B9E1FCC24A200981EB3 /* PHConfettiView.m */; };
		CA25CE8F1FC08E9F0075D56C /* main.m in Sources */ = {isa = PBXBuildFile; fileRef = CA25CE8E1FC08E9F0075D56C /* main.m */; };
		CA25CE921FC08E9F0075D56C /* AppDelegate.m in Sources */ = {isa = PBXBuildFile; fileRef = CA25CE911FC08E9F0075D56C /* AppDelegate.m */; };
		CA25CE951FC08E9F0075D56C /* ViewController.m in Sources */ = {isa = PBXBuildFile; fileRef = CA25CE941FC08E9F0075D56C /* ViewController.m */; };
		CA25CE981FC08E9F0075D56C /* Main.storyboard in Resources */ = {isa = PBXBuildFile; fileRef = CA25CE961FC08E9F0075D56C /* Main.storyboard */; };
		CA25CE9A1FC08E9F0075D56C /* Assets.xcassets in Resources */ = {isa = PBXBuildFile; fileRef = CA25CE991FC08E9F0075D56C /* Assets.xcassets */; };
		CA25CE9D1FC08E9F0075D56C /* LaunchScreen.storyboard in Resources */ = {isa = PBXBuildFile; fileRef = CA25CE9B1FC08E9F0075D56C /* LaunchScreen.storyboard */; };
		CA25CEA81FC08E9F0075D56C /* BrainAppQuizTests.m in Sources */ = {isa = PBXBuildFile; fileRef = CA25CEA71FC08E9F0075D56C /* BrainAppQuizTests.m */; };
		CA25CEB31FC08E9F0075D56C /* BrainAppQuizUITests.m in Sources */ = {isa = PBXBuildFile; fileRef = CA25CEB21FC08E9F0075D56C /* BrainAppQuizUITests.m */; };
		CA25CEC91FC09BF30075D56C /* l3.png in Resources */ = {isa = PBXBuildFile; fileRef = CA25CEC81FC09BF30075D56C /* l3.png */; };
		CA25CED91FC0A21A0075D56C /* MMDrawerBarButtonItem.m in Sources */ = {isa = PBXBuildFile; fileRef = CA25CED11FC0A21A0075D56C /* MMDrawerBarButtonItem.m */; };
		CA25CEDA1FC0A21A0075D56C /* MMDrawerController.m in Sources */ = {isa = PBXBuildFile; fileRef = CA25CED31FC0A21A0075D56C /* MMDrawerController.m */; };
		CA25CEDB1FC0A21A0075D56C /* MMDrawerVisualState.m in Sources */ = {isa = PBXBuildFile; fileRef = CA25CED61FC0A21A0075D56C /* MMDrawerVisualState.m */; };
		CA25CEDC1FC0A21A0075D56C /* UIViewController+MMDrawerController.m in Sources */ = {isa = PBXBuildFile; fileRef = CA25CED81FC0A21A0075D56C /* UIViewController+MMDrawerController.m */; };
		CA25CEDF1FC0A2BB0075D56C /* LeftTableViewController.m in Sources */ = {isa = PBXBuildFile; fileRef = CA25CEDE1FC0A2BB0075D56C /* LeftTableViewController.m */; };
		CA4F95071FCA360A00F8D7F8 /* ResultViewController.m in Sources */ = {isa = PBXBuildFile; fileRef = CA4F95061FCA360A00F8D7F8 /* ResultViewController.m */; };
		CA4F950A1FCA5D7900F8D7F8 /* MZTimerLabel.m in Sources */ = {isa = PBXBuildFile; fileRef = CA4F95091FCA5D7900F8D7F8 /* MZTimerLabel.m */; };
		CA4F950D1FCA6C2B00F8D7F8 /* QuartzCore.framework in Frameworks */ = {isa = PBXBuildFile; fileRef = CA4F950C1FCA6C2B00F8D7F8 /* QuartzCore.framework */; };
		CA73EBF41FCB56F0004EEC8E /* firstViewController.m in Sources */ = {isa = PBXBuildFile; fileRef = CA73EBF31FCB56F0004EEC8E /* firstViewController.m */; };
		CAADC28D1FC13139007A173E /* Nilland-Black.ttf in Resources */ = {isa = PBXBuildFile; fileRef = CA25CEC01FC093850075D56C /* Nilland-Black.ttf */; };
		CAADC28E1FC13139007A173E /* Nilland-Bold.ttf in Resources */ = {isa = PBXBuildFile; fileRef = CA25CEC11FC093850075D56C /* Nilland-Bold.ttf */; };
		CAADC28F1FC13139007A173E /* Nilland-ExtraBold.ttf in Resources */ = {isa = PBXBuildFile; fileRef = CA25CEC21FC093850075D56C /* Nilland-ExtraBold.ttf */; };
		CAADC2901FC13139007A173E /* Nilland-SmallCaps-Bold.ttf in Resources */ = {isa = PBXBuildFile; fileRef = CA25CEC31FC093850075D56C /* Nilland-SmallCaps-Bold.ttf */; };
		CAADC2911FC13139007A173E /* Nilland-SmallCaps.ttf in Resources */ = {isa = PBXBuildFile; fileRef = CA25CEC41FC093850075D56C /* Nilland-SmallCaps.ttf */; };
		CAADC2921FC13139007A173E /* Nilland.ttf in Resources */ = {isa = PBXBuildFile; fileRef = CA25CEC51FC093850075D56C /* Nilland.ttf */; };
		CAADC2971FC251DE007A173E /* BeginSecondViewController.m in Sources */ = {isa = PBXBuildFile; fileRef = CAADC2961FC251DE007A173E /* BeginSecondViewController.m */; };
		CAD859D01FC2EF840096E9DF /* typeoftestanddescription.m in Sources */ = {isa = PBXBuildFile; fileRef = CAD859CF1FC2EF840096E9DF /* typeoftestanddescription.m */; };
		CAD859D31FC2F06E0096E9DF /* implementtypeanddes.m in Sources */ = {isa = PBXBuildFile; fileRef = CAD859D21FC2F06E0096E9DF /* implementtypeanddes.m */; };
		CAD859D61FC317D80096E9DF /* ThirdViewController.m in Sources */ = {isa = PBXBuildFile; fileRef = CAD859D51FC317D80096E9DF /* ThirdViewController.m */; };
		CAD859D91FC3691F0096E9DF /* QuestionAnswerBank.m in Sources */ = {isa = PBXBuildFile; fileRef = CAD859D81FC3691F0096E9DF /* QuestionAnswerBank.m */; };
		CAE7D0FB1FD1F31600869C23 /* DPScrollNumberLabel.m in Sources */ = {isa = PBXBuildFile; fileRef = CAE7D0FA1FD1F31600869C23 /* DPScrollNumberLabel.m */; };
		CAFA58821FC8D63100F68AAB /* ProgressHUD.bundle in Resources */ = {isa = PBXBuildFile; fileRef = CAFA587F1FC8D63100F68AAB /* ProgressHUD.bundle */; };
		CAFA58831FC8D63100F68AAB /* ProgressHUD.m in Sources */ = {isa = PBXBuildFile; fileRef = CAFA58811FC8D63100F68AAB /* ProgressHUD.m */; };
/* End PBXBuildFile section */

/* Begin PBXContainerItemProxy section */
		CA25CEA41FC08E9F0075D56C /* PBXContainerItemProxy */ = {
			isa = PBXContainerItemProxy;
			containerPortal = CA25CE821FC08E9F0075D56C /* Project object */;
			proxyType = 1;
			remoteGlobalIDString = CA25CE891FC08E9F0075D56C;
			remoteInfo = BrainAppQuiz;
		};
		CA25CEAF1FC08E9F0075D56C /* PBXContainerItemProxy */ = {
			isa = PBXContainerItemProxy;
			containerPortal = CA25CE821FC08E9F0075D56C /* Project object */;
			proxyType = 1;
			remoteGlobalIDString = CA25CE891FC08E9F0075D56C;
			remoteInfo = BrainAppQuiz;
		};
/* End PBXContainerItemProxy section */

/* Begin PBXFileReference section */
		CA028B581FCCCFC00023395A /* RQShineLabel.h */ = {isa = PBXFileReference; fileEncoding = 4; lastKnownFileType = sourcecode.c.h; name = RQShineLabel.h; path = "../../../../Downloads/RQShineLabel-master/Classes/RQShineLabel.h"; sourceTree = "<group>"; };
		CA028B591FCCCFC00023395A /* RQShineLabel.m */ = {isa = PBXFileReference; fileEncoding = 4; lastKnownFileType = sourcecode.c.objc; name = RQShineLabel.m; path = "../../../../Downloads/RQShineLabel-master/Classes/RQShineLabel.m"; sourceTree = "<group>"; };
		CA065B9C1FCC24A200981EB3 /* ConfettiImages.bundle */ = {isa = PBXFileReference; lastKnownFileType = "wrapper.plug-in"; name = ConfettiImages.bundle; path = "../../../../Downloads/PHConfettiView-master/PHConfettiView/ConfettiImages.bundle"; sourceTree = "<group>"; };
		CA065B9D1FCC24A200981EB3 /* PHConfettiView.h */ = {isa = PBXFileReference; fileEncoding = 4; lastKnownFileType = sourcecode.c.h; name = PHConfettiView.h; path = "../../../../Downloads/PHConfettiView-master/PHConfettiView/PHConfettiView.h"; sourceTree = "<group>"; };
		CA065B9E1FCC24A200981EB3 /* PHConfettiView.m */ = {isa = PBXFileReference; fileEncoding = 4; lastKnownFileType = sourcecode.c.objc; name = PHConfettiView.m; path = "../../../../Downloads/PHConfettiView-master/PHConfettiView/PHConfettiView.m"; sourceTree = "<group>"; };
		CA25CE8A1FC08E9F0075D56C /* BrainAppQuiz.app */ = {isa = PBXFileReference; explicitFileType = wrapper.application; includeInIndex = 0; path = BrainAppQuiz.app; sourceTree = BUILT_PRODUCTS_DIR; };
		CA25CE8E1FC08E9F0075D56C /* main.m */ = {isa = PBXFileReference; lastKnownFileType = sourcecode.c.objc; path = main.m; sourceTree = "<group>"; };
		CA25CE901FC08E9F0075D56C /* AppDelegate.h */ = {isa = PBXFileReference; lastKnownFileType = sourcecode.c.h; path = AppDelegate.h; sourceTree = "<group>"; };
		CA25CE911FC08E9F0075D56C /* AppDelegate.m */ = {isa = PBXFileReference; lastKnownFileType = sourcecode.c.objc; path = AppDelegate.m; sourceTree = "<group>"; };
		CA25CE931FC08E9F0075D56C /* ViewController.h */ = {isa = PBXFileReference; lastKnownFileType = sourcecode.c.h; path = ViewController.h; sourceTree = "<group>"; };
		CA25CE941FC08E9F0075D56C /* ViewController.m */ = {isa = PBXFileReference; lastKnownFileType = sourcecode.c.objc; path = ViewController.m; sourceTree = "<group>"; };
		CA25CE971FC08E9F0075D56C /* Base */ = {isa = PBXFileReference; lastKnownFileType = file.storyboard; name = Base; path = Base.lproj/Main.storyboard; sourceTree = "<group>"; };
		CA25CE991FC08E9F0075D56C /* Assets.xcassets */ = {isa = PBXFileReference; lastKnownFileType = folder.assetcatalog; path = Assets.xcassets; sourceTree = "<group>"; };
		CA25CE9C1FC08E9F0075D56C /* Base */ = {isa = PBXFileReference; lastKnownFileType = file.storyboard; name = Base; path = Base.lproj/LaunchScreen.storyboard; sourceTree = "<group>"; };
		CA25CE9E1FC08E9F0075D56C /* Info.plist */ = {isa = PBXFileReference; lastKnownFileType = text.plist.xml; path = Info.plist; sourceTree = "<group>"; };
		CA25CEA31FC08E9F0075D56C /* BrainAppQuizTests.xctest */ = {isa = PBXFileReference; explicitFileType = wrapper.cfbundle; includeInIndex = 0; path = BrainAppQuizTests.xctest; sourceTree = BUILT_PRODUCTS_DIR; };
		CA25CEA71FC08E9F0075D56C /* BrainAppQuizTests.m */ = {isa = PBXFileReference; lastKnownFileType = sourcecode.c.objc; path = BrainAppQuizTests.m; sourceTree = "<group>"; };
		CA25CEA91FC08E9F0075D56C /* Info.plist */ = {isa = PBXFileReference; lastKnownFileType = text.plist.xml; path = Info.plist; sourceTree = "<group>"; };
		CA25CEAE1FC08E9F0075D56C /* BrainAppQuizUITests.xctest */ = {isa = PBXFileReference; explicitFileType = wrapper.cfbundle; includeInIndex = 0; path = BrainAppQuizUITests.xctest; sourceTree = BUILT_PRODUCTS_DIR; };
		CA25CEB21FC08E9F0075D56C /* BrainAppQuizUITests.m */ = {isa = PBXFileReference; lastKnownFileType = sourcecode.c.objc; path = BrainAppQuizUITests.m; sourceTree = "<group>"; };
		CA25CEB41FC08E9F0075D56C /* Info.plist */ = {isa = PBXFileReference; lastKnownFileType = text.plist.xml; path = Info.plist; sourceTree = "<group>"; };
		CA25CEC01FC093850075D56C /* Nilland-Black.ttf */ = {isa = PBXFileReference; lastKnownFileType = file; name = "Nilland-Black.ttf"; path = "../../../../Downloads/nilland/Nilland-Black.ttf"; sourceTree = "<group>"; };
		CA25CEC11FC093850075D56C /* Nilland-Bold.ttf */ = {isa = PBXFileReference; lastKnownFileType = file; name = "Nilland-Bold.ttf"; path = "../../../../Downloads/nilland/Nilland-Bold.ttf"; sourceTree = "<group>"; };
		CA25CEC21FC093850075D56C /* Nilland-ExtraBold.ttf */ = {isa = PBXFileReference; lastKnownFileType = file; name = "Nilland-ExtraBold.ttf"; path = "../../../../Downloads/nilland/Nilland-ExtraBold.ttf"; sourceTree = "<group>"; };
		CA25CEC31FC093850075D56C /* Nilland-SmallCaps-Bold.ttf */ = {isa = PBXFileReference; lastKnownFileType = file; name = "Nilland-SmallCaps-Bold.ttf"; path = "../../../../Downloads/nilland/Nilland-SmallCaps-Bold.ttf"; sourceTree = "<group>"; };
		CA25CEC41FC093850075D56C /* Nilland-SmallCaps.ttf */ = {isa = PBXFileReference; lastKnownFileType = file; name = "Nilland-SmallCaps.ttf"; path = "../../../../Downloads/nilland/Nilland-SmallCaps.ttf"; sourceTree = "<group>"; };
		CA25CEC51FC093850075D56C /* Nilland.ttf */ = {isa = PBXFileReference; lastKnownFileType = file; name = Nilland.ttf; path = ../../../../Downloads/nilland/Nilland.ttf; sourceTree = "<group>"; };
		CA25CEC81FC09BF30075D56C /* l3.png */ = {isa = PBXFileReference; lastKnownFileType = image.png; name = l3.png; path = ../../../../Downloads/l3.png; sourceTree = "<group>"; };
		CA25CED01FC0A21A0075D56C /* MMDrawerBarButtonItem.h */ = {isa = PBXFileReference; fileEncoding = 4; lastKnownFileType = sourcecode.c.h; name = MMDrawerBarButtonItem.h; path = "../../../../Downloads/MMDrawerController-master/MMDrawerController/MMDrawerBarButtonItem.h"; sourceTree = "<group>"; };
		CA25CED11FC0A21A0075D56C /* MMDrawerBarButtonItem.m */ = {isa = PBXFileReference; fileEncoding = 4; lastKnownFileType = sourcecode.c.objc; name = MMDrawerBarButtonItem.m; path = "../../../../Downloads/MMDrawerController-master/MMDrawerController/MMDrawerBarButtonItem.m"; sourceTree = "<group>"; };
		CA25CED21FC0A21A0075D56C /* MMDrawerController.h */ = {isa = PBXFileReference; fileEncoding = 4; lastKnownFileType = sourcecode.c.h; name = MMDrawerController.h; path = "../../../../Downloads/MMDrawerController-master/MMDrawerController/MMDrawerController.h"; sourceTree = "<group>"; };
		CA25CED31FC0A21A0075D56C /* MMDrawerController.m */ = {isa = PBXFileReference; fileEncoding = 4; lastKnownFileType = sourcecode.c.objc; name = MMDrawerController.m; path = "../../../../Downloads/MMDrawerController-master/MMDrawerController/MMDrawerController.m"; sourceTree = "<group>"; };
		CA25CED41FC0A21A0075D56C /* MMDrawerController+Subclass.h */ = {isa = PBXFileReference; fileEncoding = 4; lastKnownFileType = sourcecode.c.h; name = "MMDrawerController+Subclass.h"; path = "../../../../Downloads/MMDrawerController-master/MMDrawerController/MMDrawerController+Subclass.h"; sourceTree = "<group>"; };
		CA25CED51FC0A21A0075D56C /* MMDrawerVisualState.h */ = {isa = PBXFileReference; fileEncoding = 4; lastKnownFileType = sourcecode.c.h; name = MMDrawerVisualState.h; path = "../../../../Downloads/MMDrawerController-master/MMDrawerController/MMDrawerVisualState.h"; sourceTree = "<group>"; };
		CA25CED61FC0A21A0075D56C /* MMDrawerVisualState.m */ = {isa = PBXFileReference; fileEncoding = 4; lastKnownFileType = sourcecode.c.objc; name = MMDrawerVisualState.m; path = "../../../../Downloads/MMDrawerController-master/MMDrawerController/MMDrawerVisualState.m"; sourceTree = "<group>"; };
		CA25CED71FC0A21A0075D56C /* UIViewController+MMDrawerController.h */ = {isa = PBXFileReference; fileEncoding = 4; lastKnownFileType = sourcecode.c.h; name = "UIViewController+MMDrawerController.h"; path = "../../../../Downloads/MMDrawerController-master/MMDrawerController/UIViewController+MMDrawerController.h"; sourceTree = "<group>"; };
		CA25CED81FC0A21A0075D56C /* UIViewController+MMDrawerController.m */ = {isa = PBXFileReference; fileEncoding = 4; lastKnownFileType = sourcecode.c.objc; name = "UIViewController+MMDrawerController.m"; path = "../../../../Downloads/MMDrawerController-master/MMDrawerController/UIViewController+MMDrawerController.m"; sourceTree = "<group>"; };
		CA25CEDD1FC0A2BB0075D56C /* LeftTableViewController.h */ = {isa = PBXFileReference; fileEncoding = 4; lastKnownFileType = sourcecode.c.h; path = LeftTableViewController.h; sourceTree = "<group>"; };
		CA25CEDE1FC0A2BB0075D56C /* LeftTableViewController.m */ = {isa = PBXFileReference; fileEncoding = 4; lastKnownFileType = sourcecode.c.objc; path = LeftTableViewController.m; sourceTree = "<group>"; };
		CA4F95051FCA360A00F8D7F8 /* ResultViewController.h */ = {isa = PBXFileReference; fileEncoding = 4; lastKnownFileType = sourcecode.c.h; path = ResultViewController.h; sourceTree = "<group>"; };
		CA4F95061FCA360A00F8D7F8 /* ResultViewController.m */ = {isa = PBXFileReference; fileEncoding = 4; lastKnownFileType = sourcecode.c.objc; path = ResultViewController.m; sourceTree = "<group>"; };
		CA4F95081FCA5D7900F8D7F8 /* MZTimerLabel.h */ = {isa = PBXFileReference; fileEncoding = 4; lastKnownFileType = sourcecode.c.h; name = MZTimerLabel.h; path = "../../../../Downloads/MZTimerLabel-master/MZTimerLabel/MZTimerLabel.h"; sourceTree = "<group>"; };
		CA4F95091FCA5D7900F8D7F8 /* MZTimerLabel.m */ = {isa = PBXFileReference; fileEncoding = 4; lastKnownFileType = sourcecode.c.objc; name = MZTimerLabel.m; path = "../../../../Downloads/MZTimerLabel-master/MZTimerLabel/MZTimerLabel.m"; sourceTree = "<group>"; };
		CA4F950C1FCA6C2B00F8D7F8 /* QuartzCore.framework */ = {isa = PBXFileReference; lastKnownFileType = wrapper.framework; name = QuartzCore.framework; path = System/Library/Frameworks/QuartzCore.framework; sourceTree = SDKROOT; };
		CA73EBF21FCB56F0004EEC8E /* firstViewController.h */ = {isa = PBXFileReference; fileEncoding = 4; lastKnownFileType = sourcecode.c.h; name = firstViewController.h; path = ../firstViewController.h; sourceTree = "<group>"; };
		CA73EBF31FCB56F0004EEC8E /* firstViewController.m */ = {isa = PBXFileReference; fileEncoding = 4; lastKnownFileType = sourcecode.c.objc; name = firstViewController.m; path = ../firstViewController.m; sourceTree = "<group>"; };
		CAADC2951FC251DD007A173E /* BeginSecondViewController.h */ = {isa = PBXFileReference; fileEncoding = 4; lastKnownFileType = sourcecode.c.h; path = BeginSecondViewController.h; sourceTree = "<group>"; };
		CAADC2961FC251DE007A173E /* BeginSecondViewController.m */ = {isa = PBXFileReference; fileEncoding = 4; lastKnownFileType = sourcecode.c.objc; path = BeginSecondViewController.m; sourceTree = "<group>"; };
		CAD859CE1FC2EF840096E9DF /* typeoftestanddescription.h */ = {isa = PBXFileReference; fileEncoding = 4; lastKnownFileType = sourcecode.c.h; path = typeoftestanddescription.h; sourceTree = "<group>"; };
		CAD859CF1FC2EF840096E9DF /* typeoftestanddescription.m */ = {isa = PBXFileReference; fileEncoding = 4; lastKnownFileType = sourcecode.c.objc; path = typeoftestanddescription.m; sourceTree = "<group>"; };
		CAD859D11FC2F06E0096E9DF /* implementtypeanddes.h */ = {isa = PBXFileReference; fileEncoding = 4; lastKnownFileType = sourcecode.c.h; path = implementtypeanddes.h; sourceTree = "<group>"; };
		CAD859D21FC2F06E0096E9DF /* implementtypeanddes.m */ = {isa = PBXFileReference; fileEncoding = 4; lastKnownFileType = sourcecode.c.objc; path = implementtypeanddes.m; sourceTree = "<group>"; };
		CAD859D41FC317D80096E9DF /* ThirdViewController.h */ = {isa = PBXFileReference; fileEncoding = 4; lastKnownFileType = sourcecode.c.h; path = ThirdViewController.h; sourceTree = "<group>"; };
		CAD859D51FC317D80096E9DF /* ThirdViewController.m */ = {isa = PBXFileReference; fileEncoding = 4; lastKnownFileType = sourcecode.c.objc; path = ThirdViewController.m; sourceTree = "<group>"; };
		CAD859D71FC3691F0096E9DF /* QuestionAnswerBank.h */ = {isa = PBXFileReference; fileEncoding = 4; lastKnownFileType = sourcecode.c.h; path = QuestionAnswerBank.h; sourceTree = "<group>"; };
		CAD859D81FC3691F0096E9DF /* QuestionAnswerBank.m */ = {isa = PBXFileReference; fileEncoding = 4; lastKnownFileType = sourcecode.c.objc; path = QuestionAnswerBank.m; sourceTree = "<group>"; };
		CAE7D0F91FD1F31600869C23 /* DPScrollNumberLabel.h */ = {isa = PBXFileReference; fileEncoding = 4; lastKnownFileType = sourcecode.c.h; name = DPScrollNumberLabel.h; path = "../../../../Downloads/DPScrollNumberLabel-master/DPScrollNumberLabel/DPScrollNumberLabel.h"; sourceTree = "<group>"; };
		CAE7D0FA1FD1F31600869C23 /* DPScrollNumberLabel.m */ = {isa = PBXFileReference; fileEncoding = 4; lastKnownFileType = sourcecode.c.objc; name = DPScrollNumberLabel.m; path = "../../../../Downloads/DPScrollNumberLabel-master/DPScrollNumberLabel/DPScrollNumberLabel.m"; sourceTree = "<group>"; };
		CAFA587F1FC8D63100F68AAB /* ProgressHUD.bundle */ = {isa = PBXFileReference; lastKnownFileType = "wrapper.plug-in"; name = ProgressHUD.bundle; path = "../../../../Downloads/ProgressHUD-master-3/ProgressHUD/ProgressHUD/ProgressHUD.bundle"; sourceTree = "<group>"; };
		CAFA58801FC8D63100F68AAB /* ProgressHUD.h */ = {isa = PBXFileReference; fileEncoding = 4; lastKnownFileType = sourcecode.c.h; name = ProgressHUD.h; path = "../../../../Downloads/ProgressHUD-master-3/ProgressHUD/ProgressHUD/ProgressHUD.h"; sourceTree = "<group>"; };
		CAFA58811FC8D63100F68AAB /* ProgressHUD.m */ = {isa = PBXFileReference; fileEncoding = 4; lastKnownFileType = sourcecode.c.objc; name = ProgressHUD.m; path = "../../../../Downloads/ProgressHUD-master-3/ProgressHUD/ProgressHUD/ProgressHUD.m"; sourceTree = "<group>"; };
/* End PBXFileReference section */

/* Begin PBXFrameworksBuildPhase section */
		CA25CE871FC08E9F0075D56C /* Frameworks */ = {
			isa = PBXFrameworksBuildPhase;
			buildActionMask = 2147483647;
			files = (
				CA4F950D1FCA6C2B00F8D7F8 /* QuartzCore.framework in Frameworks */,
			);
			runOnlyForDeploymentPostprocessing = 0;
		};
		CA25CEA01FC08E9F0075D56C /* Frameworks */ = {
			isa = PBXFrameworksBuildPhase;
			buildActionMask = 2147483647;
			files = (
			);
			runOnlyForDeploymentPostprocessing = 0;
		};
		CA25CEAB1FC08E9F0075D56C /* Frameworks */ = {
			isa = PBXFrameworksBuildPhase;
			buildActionMask = 2147483647;
			files = (
			);
			runOnlyForDeploymentPostprocessing = 0;
		};
/* End PBXFrameworksBuildPhase section */

/* Begin PBXGroup section */
		CA25CE811FC08E9F0075D56C = {
			isa = PBXGroup;
			children = (
				CA25CECA1FC0A0240075D56C /* Mainfiles */,
				CA25CEA61FC08E9F0075D56C /* BrainAppQuizTests */,
				CA25CEB11FC08E9F0075D56C /* BrainAppQuizUITests */,
				CA25CECB1FC0A0270075D56C /* Additional files */,
				CA4F950B1FCA6C2B00F8D7F8 /* Frameworks */,
			);
			sourceTree = "<group>";
		};
		CA25CE8B1FC08E9F0075D56C /* Products */ = {
			isa = PBXGroup;
			children = (
				CA25CE8A1FC08E9F0075D56C /* BrainAppQuiz.app */,
				CA25CEA31FC08E9F0075D56C /* BrainAppQuizTests.xctest */,
				CA25CEAE1FC08E9F0075D56C /* BrainAppQuizUITests.xctest */,
			);
			name = Products;
			sourceTree = "<group>";
		};
		CA25CE8C1FC08E9F0075D56C /* BrainAppQuiz */ = {
			isa = PBXGroup;
			children = (
				CAD859CD1FC2ED0C0096E9DF /* Pictures */,
				CAD859CC1FC2ECE50096E9DF /* Fonts */,
				CA25CE901FC08E9F0075D56C /* AppDelegate.h */,
				CA25CE911FC08E9F0075D56C /* AppDelegate.m */,
				CA25CE931FC08E9F0075D56C /* ViewController.h */,
				CA25CE941FC08E9F0075D56C /* ViewController.m */,
				CA25CE961FC08E9F0075D56C /* Main.storyboard */,
				CA73EBF21FCB56F0004EEC8E /* firstViewController.h */,
				CA73EBF31FCB56F0004EEC8E /* firstViewController.m */,
				CA4F95051FCA360A00F8D7F8 /* ResultViewController.h */,
				CA4F95061FCA360A00F8D7F8 /* ResultViewController.m */,
				CAD859D41FC317D80096E9DF /* ThirdViewController.h */,
				CAD859D51FC317D80096E9DF /* ThirdViewController.m */,
				CAD859D71FC3691F0096E9DF /* QuestionAnswerBank.h */,
				CAD859D81FC3691F0096E9DF /* QuestionAnswerBank.m */,
				CAADC2951FC251DD007A173E /* BeginSecondViewController.h */,
				CAADC2961FC251DE007A173E /* BeginSecondViewController.m */,
				CA25CEDD1FC0A2BB0075D56C /* LeftTableViewController.h */,
				CA25CEDE1FC0A2BB0075D56C /* LeftTableViewController.m */,
				CAD859CE1FC2EF840096E9DF /* typeoftestanddescription.h */,
				CAD859D11FC2F06E0096E9DF /* implementtypeanddes.h */,
				CAD859D21FC2F06E0096E9DF /* implementtypeanddes.m */,
				CAD859CF1FC2EF840096E9DF /* typeoftestanddescription.m */,
				CA25CE991FC08E9F0075D56C /* Assets.xcassets */,
				CA25CE9B1FC08E9F0075D56C /* LaunchScreen.storyboard */,
				CA25CE9E1FC08E9F0075D56C /* Info.plist */,
				CA25CE8D1FC08E9F0075D56C /* Supporting Files */,
			);
			path = BrainAppQuiz;
			sourceTree = "<group>";
		};
		CA25CE8D1FC08E9F0075D56C /* Supporting Files */ = {
			isa = PBXGroup;
			children = (
				CAE7D0F91FD1F31600869C23 /* DPScrollNumberLabel.h */,
				CAE7D0FA1FD1F31600869C23 /* DPScrollNumberLabel.m */,
				CA028B581FCCCFC00023395A /* RQShineLabel.h */,
				CA028B591FCCCFC00023395A /* RQShineLabel.m */,
				CA065B9C1FCC24A200981EB3 /* ConfettiImages.bundle */,
				CA065B9D1FCC24A200981EB3 /* PHConfettiView.h */,
				CA065B9E1FCC24A200981EB3 /* PHConfettiView.m */,
				CA4F95081FCA5D7900F8D7F8 /* MZTimerLabel.h */,
				CA4F95091FCA5D7900F8D7F8 /* MZTimerLabel.m */,
				CAFA587F1FC8D63100F68AAB /* ProgressHUD.bundle */,
				CAFA58801FC8D63100F68AAB /* ProgressHUD.h */,
				CAFA58811FC8D63100F68AAB /* ProgressHUD.m */,
				CA25CED01FC0A21A0075D56C /* MMDrawerBarButtonItem.h */,
				CA25CED11FC0A21A0075D56C /* MMDrawerBarButtonItem.m */,
				CA25CED21FC0A21A0075D56C /* MMDrawerController.h */,
				CA25CED31FC0A21A0075D56C /* MMDrawerController.m */,
				CA25CED41FC0A21A0075D56C /* MMDrawerController+Subclass.h */,
				CA25CED51FC0A21A0075D56C /* MMDrawerVisualState.h */,
				CA25CED61FC0A21A0075D56C /* MMDrawerVisualState.m */,
				CA25CED71FC0A21A0075D56C /* UIViewController+MMDrawerController.h */,
				CA25CED81FC0A21A0075D56C /* UIViewController+MMDrawerController.m */,
				CA25CE8E1FC08E9F0075D56C /* main.m */,
			);
			name = "Supporting Files";
			sourceTree = "<group>";
		};
		CA25CEA61FC08E9F0075D56C /* BrainAppQuizTests */ = {
			isa = PBXGroup;
			children = (
				CA25CEA71FC08E9F0075D56C /* BrainAppQuizTests.m */,
				CA25CEA91FC08E9F0075D56C /* Info.plist */,
			);
			path = BrainAppQuizTests;
			sourceTree = "<group>";
		};
		CA25CEB11FC08E9F0075D56C /* BrainAppQuizUITests */ = {
			isa = PBXGroup;
			children = (
				CA25CEB21FC08E9F0075D56C /* BrainAppQuizUITests.m */,
				CA25CEB41FC08E9F0075D56C /* Info.plist */,
			);
			path = BrainAppQuizUITests;
			sourceTree = "<group>";
		};
		CA25CECA1FC0A0240075D56C /* Mainfiles */ = {
			isa = PBXGroup;
			children = (
				CA25CE8C1FC08E9F0075D56C /* BrainAppQuiz */,
			);
			name = Mainfiles;
			sourceTree = "<group>";
		};
		CA25CECB1FC0A0270075D56C /* Additional files */ = {
			isa = PBXGroup;
			children = (
				CA25CE8B1FC08E9F0075D56C /* Products */,
			);
			name = "Additional files";
			sourceTree = "<group>";
		};
		CA4F950B1FCA6C2B00F8D7F8 /* Frameworks */ = {
			isa = PBXGroup;
			children = (
				CA4F950C1FCA6C2B00F8D7F8 /* QuartzCore.framework */,
			);
			name = Frameworks;
			sourceTree = "<group>";
		};
		CAD859CC1FC2ECE50096E9DF /* Fonts */ = {
			isa = PBXGroup;
			children = (
				CA25CEC01FC093850075D56C /* Nilland-Black.ttf */,
				CA25CEC11FC093850075D56C /* Nilland-Bold.ttf */,
				CA25CEC21FC093850075D56C /* Nilland-ExtraBold.ttf */,
				CA25CEC31FC093850075D56C /* Nilland-SmallCaps-Bold.ttf */,
				CA25CEC41FC093850075D56C /* Nilland-SmallCaps.ttf */,
				CA25CEC51FC093850075D56C /* Nilland.ttf */,
			);
			name = Fonts;
			sourceTree = "<group>";
		};
		CAD859CD1FC2ED0C0096E9DF /* Pictures */ = {
			isa = PBXGroup;
			children = (
				CA25CEC81FC09BF30075D56C /* l3.png */,
			);
			name = Pictures;
			sourceTree = "<group>";
		};
/* End PBXGroup section */

/* Begin PBXNativeTarget section */
		CA25CE891FC08E9F0075D56C /* BrainAppQuiz */ = {
			isa = PBXNativeTarget;
			buildConfigurationList = CA25CEB71FC08E9F0075D56C /* Build configuration list for PBXNativeTarget "BrainAppQuiz" */;
			buildPhases = (
				CA25CE861FC08E9F0075D56C /* Sources */,
				CA25CE871FC08E9F0075D56C /* Frameworks */,
				CA25CE881FC08E9F0075D56C /* Resources */,
			);
			buildRules = (
			);
			dependencies = (
			);
			name = BrainAppQuiz;
			productName = BrainAppQuiz;
			productReference = CA25CE8A1FC08E9F0075D56C /* BrainAppQuiz.app */;
			productType = "com.apple.product-type.application";
		};
		CA25CEA21FC08E9F0075D56C /* BrainAppQuizTests */ = {
			isa = PBXNativeTarget;
			buildConfigurationList = CA25CEBA1FC08E9F0075D56C /* Build configuration list for PBXNativeTarget "BrainAppQuizTests" */;
			buildPhases = (
				CA25CE9F1FC08E9F0075D56C /* Sources */,
				CA25CEA01FC08E9F0075D56C /* Frameworks */,
				CA25CEA11FC08E9F0075D56C /* Resources */,
			);
			buildRules = (
			);
			dependencies = (
				CA25CEA51FC08E9F0075D56C /* PBXTargetDependency */,
			);
			name = BrainAppQuizTests;
			productName = BrainAppQuizTests;
			productReference = CA25CEA31FC08E9F0075D56C /* BrainAppQuizTests.xctest */;
			productType = "com.apple.product-type.bundle.unit-test";
		};
		CA25CEAD1FC08E9F0075D56C /* BrainAppQuizUITests */ = {
			isa = PBXNativeTarget;
			buildConfigurationList = CA25CEBD1FC08E9F0075D56C /* Build configuration list for PBXNativeTarget "BrainAppQuizUITests" */;
			buildPhases = (
				CA25CEAA1FC08E9F0075D56C /* Sources */,
				CA25CEAB1FC08E9F0075D56C /* Frameworks */,
				CA25CEAC1FC08E9F0075D56C /* Resources */,
			);
			buildRules = (
			);
			dependencies = (
				CA25CEB01FC08E9F0075D56C /* PBXTargetDependency */,
			);
			name = BrainAppQuizUITests;
			productName = BrainAppQuizUITests;
			productReference = CA25CEAE1FC08E9F0075D56C /* BrainAppQuizUITests.xctest */;
			productType = "com.apple.product-type.bundle.ui-testing";
		};
/* End PBXNativeTarget section */

/* Begin PBXProject section */
		CA25CE821FC08E9F0075D56C /* Project object */ = {
			isa = PBXProject;
			attributes = {
				LastUpgradeCheck = 0830;
				ORGANIZATIONNAME = "University of Leeds";
				TargetAttributes = {
					CA25CE891FC08E9F0075D56C = {
						CreatedOnToolsVersion = 8.3.3;
						ProvisioningStyle = Automatic;
					};
					CA25CEA21FC08E9F0075D56C = {
						CreatedOnToolsVersion = 8.3.3;
						ProvisioningStyle = Automatic;
						TestTargetID = CA25CE891FC08E9F0075D56C;
					};
					CA25CEAD1FC08E9F0075D56C = {
						CreatedOnToolsVersion = 8.3.3;
						ProvisioningStyle = Automatic;
						TestTargetID = CA25CE891FC08E9F0075D56C;
					};
				};
			};
			buildConfigurationList = CA25CE851FC08E9F0075D56C /* Build configuration list for PBXProject "BrainAppQuiz" */;
			compatibilityVersion = "Xcode 3.2";
			developmentRegion = English;
			hasScannedForEncodings = 0;
			knownRegions = (
				en,
				Base,
			);
			mainGroup = CA25CE811FC08E9F0075D56C;
			productRefGroup = CA25CE8B1FC08E9F0075D56C /* Products */;
			projectDirPath = "";
			projectRoot = "";
			targets = (
				CA25CE891FC08E9F0075D56C /* BrainAppQuiz */,
				CA25CEA21FC08E9F0075D56C /* BrainAppQuizTests */,
				CA25CEAD1FC08E9F0075D56C /* BrainAppQuizUITests */,
			);
		};
/* End PBXProject section */

/* Begin PBXResourcesBuildPhase section */
		CA25CE881FC08E9F0075D56C /* Resources */ = {
			isa = PBXResourcesBuildPhase;
			buildActionMask = 2147483647;
			files = (
				CAFA58821FC8D63100F68AAB /* ProgressHUD.bundle in Resources */,
				CAADC28D1FC13139007A173E /* Nilland-Black.ttf in Resources */,
				CAADC28E1FC13139007A173E /* Nilland-Bold.ttf in Resources */,
				CA065B9F1FCC24A200981EB3 /* ConfettiImages.bundle in Resources */,
				CAADC28F1FC13139007A173E /* Nilland-ExtraBold.ttf in Resources */,
				CAADC2901FC13139007A173E /* Nilland-SmallCaps-Bold.ttf in Resources */,
				CAADC2911FC13139007A173E /* Nilland-SmallCaps.ttf in Resources */,
				CAADC2921FC13139007A173E /* Nilland.ttf in Resources */,
				CA25CEC91FC09BF30075D56C /* l3.png in Resources */,
				CA25CE9D1FC08E9F0075D56C /* LaunchScreen.storyboard in Resources */,
				CA25CE9A1FC08E9F0075D56C /* Assets.xcassets in Resources */,
				CA25CE981FC08E9F0075D56C /* Main.storyboard in Resources */,
			);
			runOnlyForDeploymentPostprocessing = 0;
		};
		CA25CEA11FC08E9F0075D56C /* Resources */ = {
			isa = PBXResourcesBuildPhase;
			buildActionMask = 2147483647;
			files = (
			);
			runOnlyForDeploymentPostprocessing = 0;
		};
		CA25CEAC1FC08E9F0075D56C /* Resources */ = {
			isa = PBXResourcesBuildPhase;
			buildActionMask = 2147483647;
			files = (
			);
			runOnlyForDeploymentPostprocessing = 0;
		};
/* End PBXResourcesBuildPhase section */

/* Begin PBXSourcesBuildPhase section */
		CA25CE861FC08E9F0075D56C /* Sources */ = {
			isa = PBXSourcesBuildPhase;
			buildActionMask = 2147483647;
			files = (
				CAADC2971FC251DE007A173E /* BeginSecondViewController.m in Sources */,
				CA4F950A1FCA5D7900F8D7F8 /* MZTimerLabel.m in Sources */,
				CAD859D61FC317D80096E9DF /* ThirdViewController.m in Sources */,
				CA25CEDB1FC0A21A0075D56C /* MMDrawerVisualState.m in Sources */,
				CAD859D91FC3691F0096E9DF /* QuestionAnswerBank.m in Sources */,
				CA25CE951FC08E9F0075D56C /* ViewController.m in Sources */,
				CA065BA01FCC24A200981EB3 /* PHConfettiView.m in Sources */,
				CA25CEDC1FC0A21A0075D56C /* UIViewController+MMDrawerController.m in Sources */,
				CAE7D0FB1FD1F31600869C23 /* DPScrollNumberLabel.m in Sources */,
				CA25CEDA1FC0A21A0075D56C /* MMDrawerController.m in Sources */,
				CA25CED91FC0A21A0075D56C /* MMDrawerBarButtonItem.m in Sources */,
				CAD859D01FC2EF840096E9DF /* typeoftestanddescription.m in Sources */,
				CAD859D31FC2F06E0096E9DF /* implementtypeanddes.m in Sources */,
				CA028B5A1FCCCFC00023395A /* RQShineLabel.m in Sources */,
				CA73EBF41FCB56F0004EEC8E /* firstViewController.m in Sources */,
				CA25CE921FC08E9F0075D56C /* AppDelegate.m in Sources */,
				CAFA58831FC8D63100F68AAB /* ProgressHUD.m in Sources */,
				CA25CEDF1FC0A2BB0075D56C /* LeftTableViewController.m in Sources */,
				CA25CE8F1FC08E9F0075D56C /* main.m in Sources */,
				CA4F95071FCA360A00F8D7F8 /* ResultViewController.m in Sources */,
			);
			runOnlyForDeploymentPostprocessing = 0;
		};
		CA25CE9F1FC08E9F0075D56C /* Sources */ = {
			isa = PBXSourcesBuildPhase;
			buildActionMask = 2147483647;
			files = (
				CA25CEA81FC08E9F0075D56C /* BrainAppQuizTests.m in Sources */,
			);
			runOnlyForDeploymentPostprocessing = 0;
		};
		CA25CEAA1FC08E9F0075D56C /* Sources */ = {
			isa = PBXSourcesBuildPhase;
			buildActionMask = 2147483647;
			files = (
				CA25CEB31FC08E9F0075D56C /* BrainAppQuizUITests.m in Sources */,
			);
			runOnlyForDeploymentPostprocessing = 0;
		};
/* End PBXSourcesBuildPhase section */

/* Begin PBXTargetDependency section */
		CA25CEA51FC08E9F0075D56C /* PBXTargetDependency */ = {
			isa = PBXTargetDependency;
			target = CA25CE891FC08E9F0075D56C /* BrainAppQuiz */;
			targetProxy = CA25CEA41FC08E9F0075D56C /* PBXContainerItemProxy */;
		};
		CA25CEB01FC08E9F0075D56C /* PBXTargetDependency */ = {
			isa = PBXTargetDependency;
			target = CA25CE891FC08E9F0075D56C /* BrainAppQuiz */;
			targetProxy = CA25CEAF1FC08E9F0075D56C /* PBXContainerItemProxy */;
		};
/* End PBXTargetDependency section */

/* Begin PBXVariantGroup section */
		CA25CE961FC08E9F0075D56C /* Main.storyboard */ = {
			isa = PBXVariantGroup;
			children = (
				CA25CE971FC08E9F0075D56C /* Base */,
			);
			name = Main.storyboard;
			sourceTree = "<group>";
		};
		CA25CE9B1FC08E9F0075D56C /* LaunchScreen.storyboard */ = {
			isa = PBXVariantGroup;
			children = (
				CA25CE9C1FC08E9F0075D56C /* Base */,
			);
			name = LaunchScreen.storyboard;
			sourceTree = "<group>";
		};
/* End PBXVariantGroup section */

/* Begin XCBuildConfiguration section */
		CA25CEB51FC08E9F0075D56C /* Debug */ = {
			isa = XCBuildConfiguration;
			buildSettings = {
				ALWAYS_SEARCH_USER_PATHS = NO;
				CLANG_ANALYZER_NONNULL = YES;
				CLANG_ANALYZER_NUMBER_OBJECT_CONVERSION = YES_AGGRESSIVE;
				CLANG_CXX_LANGUAGE_STANDARD = "gnu++0x";
				CLANG_CXX_LIBRARY = "libc++";
				CLANG_ENABLE_MODULES = YES;
				CLANG_ENABLE_OBJC_ARC = YES;
				CLANG_WARN_BOOL_CONVERSION = YES;
				CLANG_WARN_CONSTANT_CONVERSION = YES;
				CLANG_WARN_DIRECT_OBJC_ISA_USAGE = YES_ERROR;
				CLANG_WARN_DOCUMENTATION_COMMENTS = YES;
				CLANG_WARN_EMPTY_BODY = YES;
				CLANG_WARN_ENUM_CONVERSION = YES;
				CLANG_WARN_INFINITE_RECURSION = YES;
				CLANG_WARN_INT_CONVERSION = YES;
				CLANG_WARN_OBJC_ROOT_CLASS = YES_ERROR;
				CLANG_WARN_SUSPICIOUS_MOVE = YES;
				CLANG_WARN_UNREACHABLE_CODE = YES;
				CLANG_WARN__DUPLICATE_METHOD_MATCH = YES;
				"CODE_SIGN_IDENTITY[sdk=iphoneos*]" = "iPhone Developer";
				COPY_PHASE_STRIP = NO;
				DEBUG_INFORMATION_FORMAT = dwarf;
				ENABLE_STRICT_OBJC_MSGSEND = YES;
				ENABLE_TESTABILITY = YES;
				GCC_C_LANGUAGE_STANDARD = gnu99;
				GCC_DYNAMIC_NO_PIC = NO;
				GCC_NO_COMMON_BLOCKS = YES;
				GCC_OPTIMIZATION_LEVEL = 0;
				GCC_PREPROCESSOR_DEFINITIONS = (
					"DEBUG=1",
					"$(inherited)",
				);
				GCC_WARN_64_TO_32_BIT_CONVERSION = YES;
				GCC_WARN_ABOUT_RETURN_TYPE = YES_ERROR;
				GCC_WARN_UNDECLARED_SELECTOR = YES;
				GCC_WARN_UNINITIALIZED_AUTOS = YES_AGGRESSIVE;
				GCC_WARN_UNUSED_FUNCTION = YES;
				GCC_WARN_UNUSED_VARIABLE = YES;
				IPHONEOS_DEPLOYMENT_TARGET = 10.3;
				MTL_ENABLE_DEBUG_INFO = YES;
				ONLY_ACTIVE_ARCH = YES;
				SDKROOT = iphoneos;
				TARGETED_DEVICE_FAMILY = "1,2";
			};
			name = Debug;
		};
		CA25CEB61FC08E9F0075D56C /* Release */ = {
			isa = XCBuildConfiguration;
			buildSettings = {
				ALWAYS_SEARCH_USER_PATHS = NO;
				CLANG_ANALYZER_NONNULL = YES;
				CLANG_ANALYZER_NUMBER_OBJECT_CONVERSION = YES_AGGRESSIVE;
				CLANG_CXX_LANGUAGE_STANDARD = "gnu++0x";
				CLANG_CXX_LIBRARY = "libc++";
				CLANG_ENABLE_MODULES = YES;
				CLANG_ENABLE_OBJC_ARC = YES;
				CLANG_WARN_BOOL_CONVERSION = YES;
				CLANG_WARN_CONSTANT_CONVERSION = YES;
				CLANG_WARN_DIRECT_OBJC_ISA_USAGE = YES_ERROR;
				CLANG_WARN_DOCUMENTATION_COMMENTS = YES;
				CLANG_WARN_EMPTY_BODY = YES;
				CLANG_WARN_ENUM_CONVERSION = YES;
				CLANG_WARN_INFINITE_RECURSION = YES;
				CLANG_WARN_INT_CONVERSION = YES;
				CLANG_WARN_OBJC_ROOT_CLASS = YES_ERROR;
				CLANG_WARN_SUSPICIOUS_MOVE = YES;
				CLANG_WARN_UNREACHABLE_CODE = YES;
				CLANG_WARN__DUPLICATE_METHOD_MATCH = YES;
				"CODE_SIGN_IDENTITY[sdk=iphoneos*]" = "iPhone Developer";
				COPY_PHASE_STRIP = NO;
				DEBUG_INFORMATION_FORMAT = "dwarf-with-dsym";
				ENABLE_NS_ASSERTIONS = NO;
				ENABLE_STRICT_OBJC_MSGSEND = YES;
				GCC_C_LANGUAGE_STANDARD = gnu99;
				GCC_NO_COMMON_BLOCKS = YES;
				GCC_WARN_64_TO_32_BIT_CONVERSION = YES;
				GCC_WARN_ABOUT_RETURN_TYPE = YES_ERROR;
				GCC_WARN_UNDECLARED_SELECTOR = YES;
				GCC_WARN_UNINITIALIZED_AUTOS = YES_AGGRESSIVE;
				GCC_WARN_UNUSED_FUNCTION = YES;
				GCC_WARN_UNUSED_VARIABLE = YES;
				IPHONEOS_DEPLOYMENT_TARGET = 10.3;
				MTL_ENABLE_DEBUG_INFO = NO;
				SDKROOT = iphoneos;
				TARGETED_DEVICE_FAMILY = "1,2";
				VALIDATE_PRODUCT = YES;
			};
			name = Release;
		};
		CA25CEB81FC08E9F0075D56C /* Debug */ = {
			isa = XCBuildConfiguration;
			buildSettings = {
				ASSETCATALOG_COMPILER_APPICON_NAME = AppIcon;
				INFOPLIST_FILE = BrainAppQuiz/Info.plist;
				LD_RUNPATH_SEARCH_PATHS = "$(inherited) @executable_path/Frameworks";
				PRODUCT_BUNDLE_IDENTIFIER = "Fasih-Qureshi.BrainAppQuiz";
				PRODUCT_NAME = "$(TARGET_NAME)";
			};
			name = Debug;
		};
		CA25CEB91FC08E9F0075D56C /* Release */ = {
			isa = XCBuildConfiguration;
			buildSettings = {
				ASSETCATALOG_COMPILER_APPICON_NAME = AppIcon;
				INFOPLIST_FILE = BrainAppQuiz/Info.plist;
				LD_RUNPATH_SEARCH_PATHS = "$(inherited) @executable_path/Frameworks";
				PRODUCT_BUNDLE_IDENTIFIER = "Fasih-Qureshi.BrainAppQuiz";
				PRODUCT_NAME = "$(TARGET_NAME)";
			};
			name = Release;
		};
		CA25CEBB1FC08E9F0075D56C /* Debug */ = {
			isa = XCBuildConfiguration;
			buildSettings = {
				BUNDLE_LOADER = "$(TEST_HOST)";
				INFOPLIST_FILE = BrainAppQuizTests/Info.plist;
				LD_RUNPATH_SEARCH_PATHS = "$(inherited) @executable_path/Frameworks @loader_path/Frameworks";
				PRODUCT_BUNDLE_IDENTIFIER = "Fasih-Qureshi.BrainAppQuizTests";
				PRODUCT_NAME = "$(TARGET_NAME)";
				TEST_HOST = "$(BUILT_PRODUCTS_DIR)/BrainAppQuiz.app/BrainAppQuiz";
			};
			name = Debug;
		};
		CA25CEBC1FC08E9F0075D56C /* Release */ = {
			isa = XCBuildConfiguration;
			buildSettings = {
				BUNDLE_LOADER = "$(TEST_HOST)";
				INFOPLIST_FILE = BrainAppQuizTests/Info.plist;
				LD_RUNPATH_SEARCH_PATHS = "$(inherited) @executable_path/Frameworks @loader_path/Frameworks";
				PRODUCT_BUNDLE_IDENTIFIER = "Fasih-Qureshi.BrainAppQuizTests";
				PRODUCT_NAME = "$(TARGET_NAME)";
				TEST_HOST = "$(BUILT_PRODUCTS_DIR)/BrainAppQuiz.app/BrainAppQuiz";
			};
			name = Release;
		};
		CA25CEBE1FC08E9F0075D56C /* Debug */ = {
			isa = XCBuildConfiguration;
			buildSettings = {
				INFOPLIST_FILE = BrainAppQuizUITests/Info.plist;
				LD_RUNPATH_SEARCH_PATHS = "$(inherited) @executable_path/Frameworks @loader_path/Frameworks";
				PRODUCT_BUNDLE_IDENTIFIER = "Fasih-Qureshi.BrainAppQuizUITests";
				PRODUCT_NAME = "$(TARGET_NAME)";
				TEST_TARGET_NAME = BrainAppQuiz;
			};
			name = Debug;
		};
		CA25CEBF1FC08E9F0075D56C /* Release */ = {
			isa = XCBuildConfiguration;
			buildSettings = {
				INFOPLIST_FILE = BrainAppQuizUITests/Info.plist;
				LD_RUNPATH_SEARCH_PATHS = "$(inherited) @executable_path/Frameworks @loader_path/Frameworks";
				PRODUCT_BUNDLE_IDENTIFIER = "Fasih-Qureshi.BrainAppQuizUITests";
				PRODUCT_NAME = "$(TARGET_NAME)";
				TEST_TARGET_NAME = BrainAppQuiz;
			};
			name = Release;
		};
/* End XCBuildConfiguration section */

/* Begin XCConfigurationList section */
		CA25CE851FC08E9F0075D56C /* Build configuration list for PBXProject "BrainAppQuiz" */ = {
			isa = XCConfigurationList;
			buildConfigurations = (
				CA25CEB51FC08E9F0075D56C /* Debug */,
				CA25CEB61FC08E9F0075D56C /* Release */,
			);
			defaultConfigurationIsVisible = 0;
			defaultConfigurationName = Release;
		};
		CA25CEB71FC08E9F0075D56C /* Build configuration list for PBXNativeTarget "BrainAppQuiz" */ = {
			isa = XCConfigurationList;
			buildConfigurations = (
				CA25CEB81FC08E9F0075D56C /* Debug */,
				CA25CEB91FC08E9F0075D56C /* Release */,
			);
			defaultConfigurationIsVisible = 0;
			defaultConfigurationName = Release;
		};
		CA25CEBA1FC08E9F0075D56C /* Build configuration list for PBXNativeTarget "BrainAppQuizTests" */ = {
			isa = XCConfigurationList;
			buildConfigurations = (
				CA25CEBB1FC08E9F0075D56C /* Debug */,
				CA25CEBC1FC08E9F0075D56C /* Release */,
			);
			defaultConfigurationIsVisible = 0;
			defaultConfigurationName = Release;
		};
		CA25CEBD1FC08E9F0075D56C /* Build configuration list for PBXNativeTarget "BrainAppQuizUITests" */ = {
			isa = XCConfigurationList;
			buildConfigurations = (
				CA25CEBE1FC08E9F0075D56C /* Debug */,
				CA25CEBF1FC08E9F0075D56C /* Release */,
			);
			defaultConfigurationIsVisible = 0;
			defaultConfigurationName = Release;
		};
/* End XCConfigurationList section */
	};
	rootObject = CA25CE821FC08E9F0075D56C /* Project object */;
}
