// !$*UTF8*$!
{
	archiveVersion = 1;
	classes = {
	};
	objectVersion = 46;
	objects = {

/* Begin PBXBuildFile section */
		CA1E37E71FD34C0C00BB0676 /* failViewController.m in Sources */ = {isa = PBXBuildFile; fileRef = CA1E37E61FD34C0C00BB0676 /* failViewController.m */; };
		CA25CE8F1FC08E9F0075D56C /* main.m in Sources */ = {isa = PBXBuildFile; fileRef = CA25CE8E1FC08E9F0075D56C /* main.m */; };
		CA25CE921FC08E9F0075D56C /* AppDelegate.m in Sources */ = {isa = PBXBuildFile; fileRef = CA25CE911FC08E9F0075D56C /* AppDelegate.m */; };
		CA25CE951FC08E9F0075D56C /* ViewController.m in Sources */ = {isa = PBXBuildFile; fileRef = CA25CE941FC08E9F0075D56C /* ViewController.m */; };
		CA25CE981FC08E9F0075D56C /* Main.storyboard in Resources */ = {isa = PBXBuildFile; fileRef = CA25CE961FC08E9F0075D56C /* Main.storyboard */; };
		CA25CE9A1FC08E9F0075D56C /* Assets.xcassets in Resources */ = {isa = PBXBuildFile; fileRef = CA25CE991FC08E9F0075D56C /* Assets.xcassets */; };
		CA25CE9D1FC08E9F0075D56C /* LaunchScreen.storyboard in Resources */ = {isa = PBXBuildFile; fileRef = CA25CE9B1FC08E9F0075D56C /* LaunchScreen.storyboard */; };
		CA25CEA81FC08E9F0075D56C /* BrainAppQuizTests.m in Sources */ = {isa = PBXBuildFile; fileRef = CA25CEA71FC08E9F0075D56C /* BrainAppQuizTests.m */; };
		CA25CEB31FC08E9F0075D56C /* BrainAppQuizUITests.m in Sources */ = {isa = PBXBuildFile; fileRef = CA25CEB21FC08E9F0075D56C /* BrainAppQuizUITests.m */; };
		CA25CEDF1FC0A2BB0075D56C /* LeftTableViewController.m in Sources */ = {isa = PBXBuildFile; fileRef = CA25CEDE1FC0A2BB0075D56C /* LeftTableViewController.m */; };
		CA4F95071FCA360A00F8D7F8 /* ResultViewController.m in Sources */ = {isa = PBXBuildFile; fileRef = CA4F95061FCA360A00F8D7F8 /* ResultViewController.m */; };
		CA4F950D1FCA6C2B00F8D7F8 /* QuartzCore.framework in Frameworks */ = {isa = PBXBuildFile; fileRef = CA4F950C1FCA6C2B00F8D7F8 /* QuartzCore.framework */; };
		CA73EBF41FCB56F0004EEC8E /* firstViewController.m in Sources */ = {isa = PBXBuildFile; fileRef = CA73EBF31FCB56F0004EEC8E /* firstViewController.m */; };
		CA8209A41FD7738F006306F6 /* ConfettiImages.bundle in Resources */ = {isa = PBXBuildFile; fileRef = CA8209A11FD7738F006306F6 /* ConfettiImages.bundle */; };
		CA8209A51FD7738F006306F6 /* PHConfettiView.m in Sources */ = {isa = PBXBuildFile; fileRef = CA8209A31FD7738F006306F6 /* PHConfettiView.m */; };
		CA8209A81FD773CF006306F6 /* RQShineLabel.m in Sources */ = {isa = PBXBuildFile; fileRef = CA8209A71FD773CF006306F6 /* RQShineLabel.m */; };
		CA8209AB1FD774F1006306F6 /* MZTimerLabel.m in Sources */ = {isa = PBXBuildFile; fileRef = CA8209AA1FD774F1006306F6 /* MZTimerLabel.m */; };
		CA8209AF1FD77518006306F6 /* ProgressHUD.bundle in Resources */ = {isa = PBXBuildFile; fileRef = CA8209AC1FD77518006306F6 /* ProgressHUD.bundle */; };
		CA8209B01FD77518006306F6 /* ProgressHUD.m in Sources */ = {isa = PBXBuildFile; fileRef = CA8209AE1FD77518006306F6 /* ProgressHUD.m */; };
		CA8209BA1FD77547006306F6 /* MMDrawerBarButtonItem.m in Sources */ = {isa = PBXBuildFile; fileRef = CA8209B21FD77547006306F6 /* MMDrawerBarButtonItem.m */; };
		CA8209BB1FD77547006306F6 /* MMDrawerController.m in Sources */ = {isa = PBXBuildFile; fileRef = CA8209B41FD77547006306F6 /* MMDrawerController.m */; };
		CA8209BC1FD77547006306F6 /* MMDrawerVisualState.m in Sources */ = {isa = PBXBuildFile; fileRef = CA8209B71FD77547006306F6 /* MMDrawerVisualState.m */; };
		CA8209BD1FD77547006306F6 /* UIViewController+MMDrawerController.m in Sources */ = {isa = PBXBuildFile; fileRef = CA8209B91FD77547006306F6 /* UIViewController+MMDrawerController.m */; };
		CA8209BF1FD7785E006306F6 /* AVFoundation.framework in Frameworks */ = {isa = PBXBuildFile; fileRef = CA8209BE1FD7785E006306F6 /* AVFoundation.framework */; };
		CA8209CC1FD780DA006306F6 /* buttontune.mp3 in Resources */ = {isa = PBXBuildFile; fileRef = CA8209CB1FD780DA006306F6 /* buttontune.mp3 */; };
		CA8209D01FD7845D006306F6 /* 131657__bertrof__game-sound-wrong.wav in Resources */ = {isa = PBXBuildFile; fileRef = CA8209CF1FD7845D006306F6 /* 131657__bertrof__game-sound-wrong.wav */; };
		CA8209D21FD787F5006306F6 /* 131660__bertrof__game-sound-correct.wav in Resources */ = {isa = PBXBuildFile; fileRef = CA8209D11FD787F5006306F6 /* 131660__bertrof__game-sound-correct.wav */; };
		CA8209D41FD78A3D006306F6 /* Puzzle-Game_Looping.mp3 in Resources */ = {isa = PBXBuildFile; fileRef = CA8209D31FD78A3D006306F6 /* Puzzle-Game_Looping.mp3 */; };
		CA9C746C1FD9792F00F613F8 /* Nilland-Black.ttf in Resources */ = {isa = PBXBuildFile; fileRef = CAB5644A1FD8EC4100FFB68E /* Nilland-Black.ttf */; };
		CA9C746D1FD9792F00F613F8 /* Nilland-Bold.ttf in Resources */ = {isa = PBXBuildFile; fileRef = CAB5644B1FD8EC4100FFB68E /* Nilland-Bold.ttf */; };
		CA9C746E1FD9792F00F613F8 /* Nilland-ExtraBold.ttf in Resources */ = {isa = PBXBuildFile; fileRef = CAB5644C1FD8EC4100FFB68E /* Nilland-ExtraBold.ttf */; };
		CA9C746F1FD9792F00F613F8 /* Nilland-SmallCaps-Bold.ttf in Resources */ = {isa = PBXBuildFile; fileRef = CAB5644D1FD8EC4100FFB68E /* Nilland-SmallCaps-Bold.ttf */; };
		CA9C74701FD9792F00F613F8 /* Nilland-SmallCaps.ttf in Resources */ = {isa = PBXBuildFile; fileRef = CAB5644E1FD8EC4100FFB68E /* Nilland-SmallCaps.ttf */; };
		CA9C74711FD9792F00F613F8 /* Nilland.ttf in Resources */ = {isa = PBXBuildFile; fileRef = CAB5644F1FD8EC4100FFB68E /* Nilland.ttf */; };
		CA9C74741FD9C44200F613F8 /* TOMSMorphingLabel.m in Sources */ = {isa = PBXBuildFile; fileRef = CA9C74731FD9C44200F613F8 /* TOMSMorphingLabel.m */; };
		CA9C74771FD9C46B00F613F8 /* NSString+Morphing.m in Sources */ = {isa = PBXBuildFile; fileRef = CA9C74761FD9C46B00F613F8 /* NSString+Morphing.m */; };
		CAADC2971FC251DE007A173E /* BeginSecondViewController.m in Sources */ = {isa = PBXBuildFile; fileRef = CAADC2961FC251DE007A173E /* BeginSecondViewController.m */; };
		CAB564511FD8EC7B00FFB68E /* l3.png in Resources */ = {isa = PBXBuildFile; fileRef = CAB564501FD8EC7B00FFB68E /* l3.png */; };
		CAC2B6501FD4ADE9008FD364 /* TrueFalseViewController.m in Sources */ = {isa = PBXBuildFile; fileRef = CAC2B64F1FD4ADE9008FD364 /* TrueFalseViewController.m */; };
		CAD859D01FC2EF840096E9DF /* typeoftestanddescription.m in Sources */ = {isa = PBXBuildFile; fileRef = CAD859CF1FC2EF840096E9DF /* typeoftestanddescription.m */; };
		CAD859D31FC2F06E0096E9DF /* implementtypeanddes.m in Sources */ = {isa = PBXBuildFile; fileRef = CAD859D21FC2F06E0096E9DF /* implementtypeanddes.m */; };
		CAD859D61FC317D80096E9DF /* ThirdViewController.m in Sources */ = {isa = PBXBuildFile; fileRef = CAD859D51FC317D80096E9DF /* ThirdViewController.m */; };
		CAD859D91FC3691F0096E9DF /* QuestionAnswerBank.m in Sources */ = {isa = PBXBuildFile; fileRef = CAD859D81FC3691F0096E9DF /* QuestionAnswerBank.m */; };
		CAF8F7B31FD85A4600608426 /* 351256__kinoton__deep-whoosh-1.wav in Resources */ = {isa = PBXBuildFile; fileRef = CAF8F7B21FD85A4600608426 /* 351256__kinoton__deep-whoosh-1.wav */; };
		CAF8F7B51FD85B9700608426 /* 352651__foolboymedia__piano-notification-3.mp3 in Resources */ = {isa = PBXBuildFile; fileRef = CAF8F7B41FD85B9700608426 /* 352651__foolboymedia__piano-notification-3.mp3 */; };
		CAF8F7B71FD8609400608426 /* 352283__sirkoto51__success-loop-1.wav in Resources */ = {isa = PBXBuildFile; fileRef = CAF8F7B61FD8609400608426 /* 352283__sirkoto51__success-loop-1.wav */; };
		CAF8F7B91FD8613D00608426 /* 342756__rhodesmas__failure-01.wav in Resources */ = {isa = PBXBuildFile; fileRef = CAF8F7B81FD8613D00608426 /* 342756__rhodesmas__failure-01.wav */; };
/* End PBXBuildFile section */

/* Begin PBXContainerItemProxy section */
		CA25CEA41FC08E9F0075D56C /* PBXContainerItemProxy */ = {
			isa = PBXContainerItemProxy;
			containerPortal = CA25CE821FC08E9F0075D56C /* Project object */;
			proxyType = 1;
			remoteGlobalIDString = CA25CE891FC08E9F0075D56C;
			remoteInfo = BrainAppQuiz;
		};
		CA25CEAF1FC08E9F0075D56C /* PBXContainerItemProxy */ = {
			isa = PBXContainerItemProxy;
			containerPortal = CA25CE821FC08E9F0075D56C /* Project object */;
			proxyType = 1;
			remoteGlobalIDString = CA25CE891FC08E9F0075D56C;
			remoteInfo = BrainAppQuiz;
		};
/* End PBXContainerItemProxy section */

/* Begin PBXFileReference section */
		CA1E37E51FD34C0C00BB0676 /* failViewController.h */ = {isa = PBXFileReference; fileEncoding = 4; lastKnownFileType = sourcecode.c.h; path = failViewController.h; sourceTree = "<group>"; };
		CA1E37E61FD34C0C00BB0676 /* failViewController.m */ = {isa = PBXFileReference; fileEncoding = 4; lastKnownFileType = sourcecode.c.objc; path = failViewController.m; sourceTree = "<group>"; };
		CA25CE8A1FC08E9F0075D56C /* BrainAppQuiz.app */ = {isa = PBXFileReference; explicitFileType = wrapper.application; includeInIndex = 0; path = BrainAppQuiz.app; sourceTree = BUILT_PRODUCTS_DIR; };
		CA25CE8E1FC08E9F0075D56C /* main.m */ = {isa = PBXFileReference; lastKnownFileType = sourcecode.c.objc; path = main.m; sourceTree = "<group>"; };
		CA25CE901FC08E9F0075D56C /* AppDelegate.h */ = {isa = PBXFileReference; lastKnownFileType = sourcecode.c.h; path = AppDelegate.h; sourceTree = "<group>"; };
		CA25CE911FC08E9F0075D56C /* AppDelegate.m */ = {isa = PBXFileReference; lastKnownFileType = sourcecode.c.objc; path = AppDelegate.m; sourceTree = "<group>"; };
		CA25CE931FC08E9F0075D56C /* ViewController.h */ = {isa = PBXFileReference; lastKnownFileType = sourcecode.c.h; path = ViewController.h; sourceTree = "<group>"; };
		CA25CE941FC08E9F0075D56C /* ViewController.m */ = {isa = PBXFileReference; lastKnownFileType = sourcecode.c.objc; path = ViewController.m; sourceTree = "<group>"; };
		CA25CE971FC08E9F0075D56C /* Base */ = {isa = PBXFileReference; lastKnownFileType = file.storyboard; name = Base; path = Base.lproj/Main.storyboard; sourceTree = "<group>"; };
		CA25CE991FC08E9F0075D56C /* Assets.xcassets */ = {isa = PBXFileReference; lastKnownFileType = folder.assetcatalog; path = Assets.xcassets; sourceTree = "<group>"; };
		CA25CE9C1FC08E9F0075D56C /* Base */ = {isa = PBXFileReference; lastKnownFileType = file.storyboard; name = Base; path = Base.lproj/LaunchScreen.storyboard; sourceTree = "<group>"; };
		CA25CE9E1FC08E9F0075D56C /* Info.plist */ = {isa = PBXFileReference; lastKnownFileType = text.plist.xml; path = Info.plist; sourceTree = "<group>"; };
		CA25CEA31FC08E9F0075D56C /* BrainAppQuizTests.xctest */ = {isa = PBXFileReference; explicitFileType = wrapper.cfbundle; includeInIndex = 0; path = BrainAppQuizTests.xctest; sourceTree = BUILT_PRODUCTS_DIR; };
		CA25CEA71FC08E9F0075D56C /* BrainAppQuizTests.m */ = {isa = PBXFileReference; lastKnownFileType = sourcecode.c.objc; path = BrainAppQuizTests.m; sourceTree = "<group>"; };
		CA25CEA91FC08E9F0075D56C /* Info.plist */ = {isa = PBXFileReference; lastKnownFileType = text.plist.xml; path = Info.plist; sourceTree = "<group>"; };
		CA25CEAE1FC08E9F0075D56C /* BrainAppQuizUITests.xctest */ = {isa = PBXFileReference; explicitFileType = wrapper.cfbundle; includeInIndex = 0; path = BrainAppQuizUITests.xctest; sourceTree = BUILT_PRODUCTS_DIR; };
		CA25CEB21FC08E9F0075D56C /* BrainAppQuizUITests.m */ = {isa = PBXFileReference; lastKnownFileType = sourcecode.c.objc; path = BrainAppQuizUITests.m; sourceTree = "<group>"; };
		CA25CEB41FC08E9F0075D56C /* Info.plist */ = {isa = PBXFileReference; lastKnownFileType = text.plist.xml; path = Info.plist; sourceTree = "<group>"; };
		CA25CEDD1FC0A2BB0075D56C /* LeftTableViewController.h */ = {isa = PBXFileReference; fileEncoding = 4; lastKnownFileType = sourcecode.c.h; path = LeftTableViewController.h; sourceTree = "<group>"; };
		CA25CEDE1FC0A2BB0075D56C /* LeftTableViewController.m */ = {isa = PBXFileReference; fileEncoding = 4; lastKnownFileType = sourcecode.c.objc; path = LeftTableViewController.m; sourceTree = "<group>"; };
		CA4F95051FCA360A00F8D7F8 /* ResultViewController.h */ = {isa = PBXFileReference; fileEncoding = 4; lastKnownFileType = sourcecode.c.h; path = ResultViewController.h; sourceTree = "<group>"; };
		CA4F95061FCA360A00F8D7F8 /* ResultViewController.m */ = {isa = PBXFileReference; fileEncoding = 4; lastKnownFileType = sourcecode.c.objc; path = ResultViewController.m; sourceTree = "<group>"; };
		CA4F950C1FCA6C2B00F8D7F8 /* QuartzCore.framework */ = {isa = PBXFileReference; lastKnownFileType = wrapper.framework; name = QuartzCore.framework; path = System/Library/Frameworks/QuartzCore.framework; sourceTree = SDKROOT; };
		CA73EBF21FCB56F0004EEC8E /* firstViewController.h */ = {isa = PBXFileReference; fileEncoding = 4; lastKnownFileType = sourcecode.c.h; name = firstViewController.h; path = ../firstViewController.h; sourceTree = "<group>"; };
		CA73EBF31FCB56F0004EEC8E /* firstViewController.m */ = {isa = PBXFileReference; fileEncoding = 4; lastKnownFileType = sourcecode.c.objc; name = firstViewController.m; path = ../firstViewController.m; sourceTree = "<group>"; };
		CA8209A11FD7738F006306F6 /* ConfettiImages.bundle */ = {isa = PBXFileReference; lastKnownFileType = "wrapper.plug-in"; path = ConfettiImages.bundle; sourceTree = "<group>"; };
		CA8209A21FD7738F006306F6 /* PHConfettiView.h */ = {isa = PBXFileReference; fileEncoding = 4; lastKnownFileType = sourcecode.c.h; path = PHConfettiView.h; sourceTree = "<group>"; };
		CA8209A31FD7738F006306F6 /* PHConfettiView.m */ = {isa = PBXFileReference; fileEncoding = 4; lastKnownFileType = sourcecode.c.objc; path = PHConfettiView.m; sourceTree = "<group>"; };
		CA8209A61FD773CF006306F6 /* RQShineLabel.h */ = {isa = PBXFileReference; fileEncoding = 4; lastKnownFileType = sourcecode.c.h; path = RQShineLabel.h; sourceTree = "<group>"; };
		CA8209A71FD773CF006306F6 /* RQShineLabel.m */ = {isa = PBXFileReference; fileEncoding = 4; lastKnownFileType = sourcecode.c.objc; path = RQShineLabel.m; sourceTree = "<group>"; };
		CA8209A91FD774F1006306F6 /* MZTimerLabel.h */ = {isa = PBXFileReference; fileEncoding = 4; lastKnownFileType = sourcecode.c.h; path = MZTimerLabel.h; sourceTree = "<group>"; };
		CA8209AA1FD774F1006306F6 /* MZTimerLabel.m */ = {isa = PBXFileReference; fileEncoding = 4; lastKnownFileType = sourcecode.c.objc; path = MZTimerLabel.m; sourceTree = "<group>"; };
		CA8209AC1FD77518006306F6 /* ProgressHUD.bundle */ = {isa = PBXFileReference; lastKnownFileType = "wrapper.plug-in"; path = ProgressHUD.bundle; sourceTree = "<group>"; };
		CA8209AD1FD77518006306F6 /* ProgressHUD.h */ = {isa = PBXFileReference; fileEncoding = 4; lastKnownFileType = sourcecode.c.h; path = ProgressHUD.h; sourceTree = "<group>"; };
		CA8209AE1FD77518006306F6 /* ProgressHUD.m */ = {isa = PBXFileReference; fileEncoding = 4; lastKnownFileType = sourcecode.c.objc; path = ProgressHUD.m; sourceTree = "<group>"; };
		CA8209B11FD77547006306F6 /* MMDrawerBarButtonItem.h */ = {isa = PBXFileReference; fileEncoding = 4; lastKnownFileType = sourcecode.c.h; path = MMDrawerBarButtonItem.h; sourceTree = "<group>"; };
		CA8209B21FD77547006306F6 /* MMDrawerBarButtonItem.m */ = {isa = PBXFileReference; fileEncoding = 4; lastKnownFileType = sourcecode.c.objc; path = MMDrawerBarButtonItem.m; sourceTree = "<group>"; };
		CA8209B31FD77547006306F6 /* MMDrawerController.h */ = {isa = PBXFileReference; fileEncoding = 4; lastKnownFileType = sourcecode.c.h; path = MMDrawerController.h; sourceTree = "<group>"; };
		CA8209B41FD77547006306F6 /* MMDrawerController.m */ = {isa = PBXFileReference; fileEncoding = 4; lastKnownFileType = sourcecode.c.objc; path = MMDrawerController.m; sourceTree = "<group>"; };
		CA8209B51FD77547006306F6 /* MMDrawerController+Subclass.h */ = {isa = PBXFileReference; fileEncoding = 4; lastKnownFileType = sourcecode.c.h; path = "MMDrawerController+Subclass.h"; sourceTree = "<group>"; };
		CA8209B61FD77547006306F6 /* MMDrawerVisualState.h */ = {isa = PBXFileReference; fileEncoding = 4; lastKnownFileType = sourcecode.c.h; path = MMDrawerVisualState.h; sourceTree = "<group>"; };
		CA8209B71FD77547006306F6 /* MMDrawerVisualState.m */ = {isa = PBXFileReference; fileEncoding = 4; lastKnownFileType = sourcecode.c.objc; path = MMDrawerVisualState.m; sourceTree = "<group>"; };
		CA8209B81FD77547006306F6 /* UIViewController+MMDrawerController.h */ = {isa = PBXFileReference; fileEncoding = 4; lastKnownFileType = sourcecode.c.h; path = "UIViewController+MMDrawerController.h"; sourceTree = "<group>"; };
		CA8209B91FD77547006306F6 /* UIViewController+MMDrawerController.m */ = {isa = PBXFileReference; fileEncoding = 4; lastKnownFileType = sourcecode.c.objc; path = "UIViewController+MMDrawerController.m"; sourceTree = "<group>"; };
		CA8209BE1FD7785E006306F6 /* AVFoundation.framework */ = {isa = PBXFileReference; lastKnownFileType = wrapper.framework; name = AVFoundation.framework; path = System/Library/Frameworks/AVFoundation.framework; sourceTree = SDKROOT; };
		CA8209CB1FD780DA006306F6 /* buttontune.mp3 */ = {isa = PBXFileReference; lastKnownFileType = audio.mp3; path = buttontune.mp3; sourceTree = "<group>"; };
		CA8209CF1FD7845D006306F6 /* 131657__bertrof__game-sound-wrong.wav */ = {isa = PBXFileReference; lastKnownFileType = audio.wav; path = "131657__bertrof__game-sound-wrong.wav"; sourceTree = "<group>"; };
		CA8209D11FD787F5006306F6 /* 131660__bertrof__game-sound-correct.wav */ = {isa = PBXFileReference; lastKnownFileType = audio.wav; path = "131660__bertrof__game-sound-correct.wav"; sourceTree = "<group>"; };
		CA8209D31FD78A3D006306F6 /* Puzzle-Game_Looping.mp3 */ = {isa = PBXFileReference; lastKnownFileType = audio.mp3; path = "Puzzle-Game_Looping.mp3"; sourceTree = "<group>"; };
		CA9C74721FD9C44200F613F8 /* TOMSMorphingLabel.h */ = {isa = PBXFileReference; fileEncoding = 4; lastKnownFileType = sourcecode.c.h; path = TOMSMorphingLabel.h; sourceTree = "<group>"; };
		CA9C74731FD9C44200F613F8 /* TOMSMorphingLabel.m */ = {isa = PBXFileReference; fileEncoding = 4; lastKnownFileType = sourcecode.c.objc; path = TOMSMorphingLabel.m; sourceTree = "<group>"; };
		CA9C74751FD9C46B00F613F8 /* NSString+Morphing.h */ = {isa = PBXFileReference; fileEncoding = 4; lastKnownFileType = sourcecode.c.h; path = "NSString+Morphing.h"; sourceTree = "<group>"; };
		CA9C74761FD9C46B00F613F8 /* NSString+Morphing.m */ = {isa = PBXFileReference; fileEncoding = 4; lastKnownFileType = sourcecode.c.objc; path = "NSString+Morphing.m"; sourceTree = "<group>"; };
		CAADC2951FC251DD007A173E /* BeginSecondViewController.h */ = {isa = PBXFileReference; fileEncoding = 4; lastKnownFileType = sourcecode.c.h; path = BeginSecondViewController.h; sourceTree = "<group>"; };
		CAADC2961FC251DE007A173E /* BeginSecondViewController.m */ = {isa = PBXFileReference; fileEncoding = 4; lastKnownFileType = sourcecode.c.objc; path = BeginSecondViewController.m; sourceTree = "<group>"; };
		CAB5644A1FD8EC4100FFB68E /* Nilland-Black.ttf */ = {isa = PBXFileReference; lastKnownFileType = file; path = "Nilland-Black.ttf"; sourceTree = "<group>"; };
		CAB5644B1FD8EC4100FFB68E /* Nilland-Bold.ttf */ = {isa = PBXFileReference; lastKnownFileType = file; path = "Nilland-Bold.ttf"; sourceTree = "<group>"; };
		CAB5644C1FD8EC4100FFB68E /* Nilland-ExtraBold.ttf */ = {isa = PBXFileReference; lastKnownFileType = file; path = "Nilland-ExtraBold.ttf"; sourceTree = "<group>"; };
		CAB5644D1FD8EC4100FFB68E /* Nilland-SmallCaps-Bold.ttf */ = {isa = PBXFileReference; lastKnownFileType = file; path = "Nilland-SmallCaps-Bold.ttf"; sourceTree = "<group>"; };
		CAB5644E1FD8EC4100FFB68E /* Nilland-SmallCaps.ttf */ = {isa = PBXFileReference; lastKnownFileType = file; path = "Nilland-SmallCaps.ttf"; sourceTree = "<group>"; };
		CAB5644F1FD8EC4100FFB68E /* Nilland.ttf */ = {isa = PBXFileReference; lastKnownFileType = file; path = Nilland.ttf; sourceTree = "<group>"; };
		CAB564501FD8EC7B00FFB68E /* l3.png */ = {isa = PBXFileReference; lastKnownFileType = image.png; path = l3.png; sourceTree = "<group>"; };
		CAC2B64E1FD4ADE9008FD364 /* TrueFalseViewController.h */ = {isa = PBXFileReference; fileEncoding = 4; lastKnownFileType = sourcecode.c.h; path = TrueFalseViewController.h; sourceTree = "<group>"; };
		CAC2B64F1FD4ADE9008FD364 /* TrueFalseViewController.m */ = {isa = PBXFileReference; fileEncoding = 4; lastKnownFileType = sourcecode.c.objc; path = TrueFalseViewController.m; sourceTree = "<group>"; };
		CAD859CE1FC2EF840096E9DF /* typeoftestanddescription.h */ = {isa = PBXFileReference; fileEncoding = 4; lastKnownFileType = sourcecode.c.h; path = typeoftestanddescription.h; sourceTree = "<group>"; };
		CAD859CF1FC2EF840096E9DF /* typeoftestanddescription.m */ = {isa = PBXFileReference; fileEncoding = 4; lastKnownFileType = sourcecode.c.objc; path = typeoftestanddescription.m; sourceTree = "<group>"; };
		CAD859D11FC2F06E0096E9DF /* implementtypeanddes.h */ = {isa = PBXFileReference; fileEncoding = 4; lastKnownFileType = sourcecode.c.h; path = implementtypeanddes.h; sourceTree = "<group>"; };
		CAD859D21FC2F06E0096E9DF /* implementtypeanddes.m */ = {isa = PBXFileReference; fileEncoding = 4; lastKnownFileType = sourcecode.c.objc; path = implementtypeanddes.m; sourceTree = "<group>"; };
		CAD859D41FC317D80096E9DF /* ThirdViewController.h */ = {isa = PBXFileReference; fileEncoding = 4; lastKnownFileType = sourcecode.c.h; path = ThirdViewController.h; sourceTree = "<group>"; };
		CAD859D51FC317D80096E9DF /* ThirdViewController.m */ = {isa = PBXFileReference; fileEncoding = 4; lastKnownFileType = sourcecode.c.objc; path = ThirdViewController.m; sourceTree = "<group>"; };
		CAD859D71FC3691F0096E9DF /* QuestionAnswerBank.h */ = {isa = PBXFileReference; fileEncoding = 4; lastKnownFileType = sourcecode.c.h; path = QuestionAnswerBank.h; sourceTree = "<group>"; };
		CAD859D81FC3691F0096E9DF /* QuestionAnswerBank.m */ = {isa = PBXFileReference; fileEncoding = 4; lastKnownFileType = sourcecode.c.objc; path = QuestionAnswerBank.m; sourceTree = "<group>"; };
		CAF8F7B21FD85A4600608426 /* 351256__kinoton__deep-whoosh-1.wav */ = {isa = PBXFileReference; lastKnownFileType = audio.wav; path = "351256__kinoton__deep-whoosh-1.wav"; sourceTree = "<group>"; };
		CAF8F7B41FD85B9700608426 /* 352651__foolboymedia__piano-notification-3.mp3 */ = {isa = PBXFileReference; lastKnownFileType = audio.mp3; path = "352651__foolboymedia__piano-notification-3.mp3"; sourceTree = "<group>"; };
		CAF8F7B61FD8609400608426 /* 352283__sirkoto51__success-loop-1.wav */ = {isa = PBXFileReference; lastKnownFileType = audio.wav; path = "352283__sirkoto51__success-loop-1.wav"; sourceTree = "<group>"; };
		CAF8F7B81FD8613D00608426 /* 342756__rhodesmas__failure-01.wav */ = {isa = PBXFileReference; lastKnownFileType = audio.wav; path = "342756__rhodesmas__failure-01.wav"; sourceTree = "<group>"; };
/* End PBXFileReference section */

/* Begin PBXFrameworksBuildPhase section */
		CA25CE871FC08E9F0075D56C /* Frameworks */ = {
			isa = PBXFrameworksBuildPhase;
			buildActionMask = 2147483647;
			files = (
				CA8209BF1FD7785E006306F6 /* AVFoundation.framework in Frameworks */,
				CA4F950D1FCA6C2B00F8D7F8 /* QuartzCore.framework in Frameworks */,
			);
			runOnlyForDeploymentPostprocessing = 0;
		};
		CA25CEA01FC08E9F0075D56C /* Frameworks */ = {
			isa = PBXFrameworksBuildPhase;
			buildActionMask = 2147483647;
			files = (
			);
			runOnlyForDeploymentPostprocessing = 0;
		};
		CA25CEAB1FC08E9F0075D56C /* Frameworks */ = {
			isa = PBXFrameworksBuildPhase;
			buildActionMask = 2147483647;
			files = (
			);
			runOnlyForDeploymentPostprocessing = 0;
		};
/* End PBXFrameworksBuildPhase section */

/* Begin PBXGroup section */
		CA25CE811FC08E9F0075D56C = {
			isa = PBXGroup;
			children = (
				CA25CECA1FC0A0240075D56C /* Mainfiles */,
				CA25CEA61FC08E9F0075D56C /* BrainAppQuizTests */,
				CA25CEB11FC08E9F0075D56C /* BrainAppQuizUITests */,
				CA25CECB1FC0A0270075D56C /* Additional files */,
				CA4F950B1FCA6C2B00F8D7F8 /* Frameworks */,
			);
			sourceTree = "<group>";
		};
		CA25CE8B1FC08E9F0075D56C /* Products */ = {
			isa = PBXGroup;
			children = (
				CA25CE8A1FC08E9F0075D56C /* BrainAppQuiz.app */,
				CA25CEA31FC08E9F0075D56C /* BrainAppQuizTests.xctest */,
				CA25CEAE1FC08E9F0075D56C /* BrainAppQuizUITests.xctest */,
			);
			name = Products;
			sourceTree = "<group>";
		};
		CA25CE8C1FC08E9F0075D56C /* BrainAppQuiz */ = {
			isa = PBXGroup;
			children = (
				CA8209C11FD778A7006306F6 /* Sound files */,
				CAD859CD1FC2ED0C0096E9DF /* Pictures */,
				CAD859CC1FC2ECE50096E9DF /* Fonts */,
				CA25CE901FC08E9F0075D56C /* AppDelegate.h */,
				CA25CE911FC08E9F0075D56C /* AppDelegate.m */,
				CA25CE931FC08E9F0075D56C /* ViewController.h */,
				CA25CE941FC08E9F0075D56C /* ViewController.m */,
				CA25CE961FC08E9F0075D56C /* Main.storyboard */,
				CAC2B64E1FD4ADE9008FD364 /* TrueFalseViewController.h */,
				CAC2B64F1FD4ADE9008FD364 /* TrueFalseViewController.m */,
				CA73EBF21FCB56F0004EEC8E /* firstViewController.h */,
				CA73EBF31FCB56F0004EEC8E /* firstViewController.m */,
				CA4F95051FCA360A00F8D7F8 /* ResultViewController.h */,
				CA4F95061FCA360A00F8D7F8 /* ResultViewController.m */,
				CAD859D41FC317D80096E9DF /* ThirdViewController.h */,
				CA1E37E51FD34C0C00BB0676 /* failViewController.h */,
				CA1E37E61FD34C0C00BB0676 /* failViewController.m */,
				CAD859D51FC317D80096E9DF /* ThirdViewController.m */,
				CAD859D71FC3691F0096E9DF /* QuestionAnswerBank.h */,
				CAD859D81FC3691F0096E9DF /* QuestionAnswerBank.m */,
				CAADC2951FC251DD007A173E /* BeginSecondViewController.h */,
				CAADC2961FC251DE007A173E /* BeginSecondViewController.m */,
				CA25CEDD1FC0A2BB0075D56C /* LeftTableViewController.h */,
				CA25CEDE1FC0A2BB0075D56C /* LeftTableViewController.m */,
				CAD859CE1FC2EF840096E9DF /* typeoftestanddescription.h */,
				CAD859D11FC2F06E0096E9DF /* implementtypeanddes.h */,
				CAD859D21FC2F06E0096E9DF /* implementtypeanddes.m */,
				CAD859CF1FC2EF840096E9DF /* typeoftestanddescription.m */,
				CA25CE991FC08E9F0075D56C /* Assets.xcassets */,
				CA25CE9B1FC08E9F0075D56C /* LaunchScreen.storyboard */,
				CA25CE9E1FC08E9F0075D56C /* Info.plist */,
				CA25CE8D1FC08E9F0075D56C /* Supporting Files */,
			);
			path = BrainAppQuiz;
			sourceTree = "<group>";
		};
		CA25CE8D1FC08E9F0075D56C /* Supporting Files */ = {
			isa = PBXGroup;
			children = (
				CA9C74751FD9C46B00F613F8 /* NSString+Morphing.h */,
				CA9C74761FD9C46B00F613F8 /* NSString+Morphing.m */,
				CA9C74721FD9C44200F613F8 /* TOMSMorphingLabel.h */,
				CA9C74731FD9C44200F613F8 /* TOMSMorphingLabel.m */,
				CA8209B11FD77547006306F6 /* MMDrawerBarButtonItem.h */,
				CA8209B21FD77547006306F6 /* MMDrawerBarButtonItem.m */,
				CA8209B31FD77547006306F6 /* MMDrawerController.h */,
				CA8209B41FD77547006306F6 /* MMDrawerController.m */,
				CA8209B51FD77547006306F6 /* MMDrawerController+Subclass.h */,
				CA8209B61FD77547006306F6 /* MMDrawerVisualState.h */,
				CA8209B71FD77547006306F6 /* MMDrawerVisualState.m */,
				CA8209B81FD77547006306F6 /* UIViewController+MMDrawerController.h */,
				CA8209B91FD77547006306F6 /* UIViewController+MMDrawerController.m */,
				CA8209AC1FD77518006306F6 /* ProgressHUD.bundle */,
				CA8209AD1FD77518006306F6 /* ProgressHUD.h */,
				CA8209AE1FD77518006306F6 /* ProgressHUD.m */,
				CA8209A91FD774F1006306F6 /* MZTimerLabel.h */,
				CA8209AA1FD774F1006306F6 /* MZTimerLabel.m */,
				CA8209A61FD773CF006306F6 /* RQShineLabel.h */,
				CA8209A71FD773CF006306F6 /* RQShineLabel.m */,
				CA8209A11FD7738F006306F6 /* ConfettiImages.bundle */,
				CA8209A21FD7738F006306F6 /* PHConfettiView.h */,
				CA8209A31FD7738F006306F6 /* PHConfettiView.m */,
				CA25CE8E1FC08E9F0075D56C /* main.m */,
			);
			name = "Supporting Files";
			sourceTree = "<group>";
		};
		CA25CEA61FC08E9F0075D56C /* BrainAppQuizTests */ = {
			isa = PBXGroup;
			children = (
				CA25CEA71FC08E9F0075D56C /* BrainAppQuizTests.m */,
				CA25CEA91FC08E9F0075D56C /* Info.plist */,
			);
			path = BrainAppQuizTests;
			sourceTree = "<group>";
		};
		CA25CEB11FC08E9F0075D56C /* BrainAppQuizUITests */ = {
			isa = PBXGroup;
			children = (
				CA25CEB21FC08E9F0075D56C /* BrainAppQuizUITests.m */,
				CA25CEB41FC08E9F0075D56C /* Info.plist */,
			);
			path = BrainAppQuizUITests;
			sourceTree = "<group>";
		};
		CA25CECA1FC0A0240075D56C /* Mainfiles */ = {
			isa = PBXGroup;
			children = (
				CA25CE8C1FC08E9F0075D56C /* BrainAppQuiz */,
			);
			name = Mainfiles;
			sourceTree = "<group>";
		};
		CA25CECB1FC0A0270075D56C /* Additional files */ = {
			isa = PBXGroup;
			children = (
				CA25CE8B1FC08E9F0075D56C /* Products */,
			);
			name = "Additional files";
			sourceTree = "<group>";
		};
		CA4F950B1FCA6C2B00F8D7F8 /* Frameworks */ = {
			isa = PBXGroup;
			children = (
				CA8209BE1FD7785E006306F6 /* AVFoundation.framework */,
				CA4F950C1FCA6C2B00F8D7F8 /* QuartzCore.framework */,
			);
			name = Frameworks;
			sourceTree = "<group>";
		};
		CA8209C11FD778A7006306F6 /* Sound files */ = {
			isa = PBXGroup;
			children = (
				CAF8F7B81FD8613D00608426 /* 342756__rhodesmas__failure-01.wav */,
				CAF8F7B61FD8609400608426 /* 352283__sirkoto51__success-loop-1.wav */,
				CA8209D31FD78A3D006306F6 /* Puzzle-Game_Looping.mp3 */,
				CA8209D11FD787F5006306F6 /* 131660__bertrof__game-sound-correct.wav */,
				CA8209CF1FD7845D006306F6 /* 131657__bertrof__game-sound-wrong.wav */,
				CA8209CB1FD780DA006306F6 /* buttontune.mp3 */,
				CAF8F7B21FD85A4600608426 /* 351256__kinoton__deep-whoosh-1.wav */,
				CAF8F7B41FD85B9700608426 /* 352651__foolboymedia__piano-notification-3.mp3 */,
			);
			name = "Sound files";
			sourceTree = "<group>";
		};
		CAD859CC1FC2ECE50096E9DF /* Fonts */ = {
			isa = PBXGroup;
			children = (
				CAB5644A1FD8EC4100FFB68E /* Nilland-Black.ttf */,
				CAB5644B1FD8EC4100FFB68E /* Nilland-Bold.ttf */,
				CAB5644C1FD8EC4100FFB68E /* Nilland-ExtraBold.ttf */,
				CAB5644D1FD8EC4100FFB68E /* Nilland-SmallCaps-Bold.ttf */,
				CAB5644E1FD8EC4100FFB68E /* Nilland-SmallCaps.ttf */,
				CAB5644F1FD8EC4100FFB68E /* Nilland.ttf */,
			);
			name = Fonts;
			sourceTree = "<group>";
		};
		CAD859CD1FC2ED0C0096E9DF /* Pictures */ = {
			isa = PBXGroup;
			children = (
				CAB564501FD8EC7B00FFB68E /* l3.png */,
			);
			name = Pictures;
			sourceTree = "<group>";
		};
/* End PBXGroup section */

/* Begin PBXNativeTarget section */
		CA25CE891FC08E9F0075D56C /* BrainAppQuiz */ = {
			isa = PBXNativeTarget;
			buildConfigurationList = CA25CEB71FC08E9F0075D56C /* Build configuration list for PBXNativeTarget "BrainAppQuiz" */;
			buildPhases = (
				CA25CE861FC08E9F0075D56C /* Sources */,
				CA25CE871FC08E9F0075D56C /* Frameworks */,
				CA25CE881FC08E9F0075D56C /* Resources */,
			);
			buildRules = (
			);
			dependencies = (
			);
			name = BrainAppQuiz;
			productName = BrainAppQuiz;
			productReference = CA25CE8A1FC08E9F0075D56C /* BrainAppQuiz.app */;
			productType = "com.apple.product-type.application";
		};
		CA25CEA21FC08E9F0075D56C /* BrainAppQuizTests */ = {
			isa = PBXNativeTarget;
			buildConfigurationList = CA25CEBA1FC08E9F0075D56C /* Build configuration list for PBXNativeTarget "BrainAppQuizTests" */;
			buildPhases = (
				CA25CE9F1FC08E9F0075D56C /* Sources */,
				CA25CEA01FC08E9F0075D56C /* Frameworks */,
				CA25CEA11FC08E9F0075D56C /* Resources */,
			);
			buildRules = (
			);
			dependencies = (
				CA25CEA51FC08E9F0075D56C /* PBXTargetDependency */,
			);
			name = BrainAppQuizTests;
			productName = BrainAppQuizTests;
			productReference = CA25CEA31FC08E9F0075D56C /* BrainAppQuizTests.xctest */;
			productType = "com.apple.product-type.bundle.unit-test";
		};
		CA25CEAD1FC08E9F0075D56C /* BrainAppQuizUITests */ = {
			isa = PBXNativeTarget;
			buildConfigurationList = CA25CEBD1FC08E9F0075D56C /* Build configuration list for PBXNativeTarget "BrainAppQuizUITests" */;
			buildPhases = (
				CA25CEAA1FC08E9F0075D56C /* Sources */,
				CA25CEAB1FC08E9F0075D56C /* Frameworks */,
				CA25CEAC1FC08E9F0075D56C /* Resources */,
			);
			buildRules = (
			);
			dependencies = (
				CA25CEB01FC08E9F0075D56C /* PBXTargetDependency */,
			);
			name = BrainAppQuizUITests;
			productName = BrainAppQuizUITests;
			productReference = CA25CEAE1FC08E9F0075D56C /* BrainAppQuizUITests.xctest */;
			productType = "com.apple.product-type.bundle.ui-testing";
		};
/* End PBXNativeTarget section */

/* Begin PBXProject section */
		CA25CE821FC08E9F0075D56C /* Project object */ = {
			isa = PBXProject;
			attributes = {
				LastUpgradeCheck = 0830;
				ORGANIZATIONNAME = "University of Leeds";
				TargetAttributes = {
					CA25CE891FC08E9F0075D56C = {
						CreatedOnToolsVersion = 8.3.3;
						ProvisioningStyle = Automatic;
					};
					CA25CEA21FC08E9F0075D56C = {
						CreatedOnToolsVersion = 8.3.3;
						ProvisioningStyle = Automatic;
						TestTargetID = CA25CE891FC08E9F0075D56C;
					};
					CA25CEAD1FC08E9F0075D56C = {
						CreatedOnToolsVersion = 8.3.3;
						ProvisioningStyle = Automatic;
						TestTargetID = CA25CE891FC08E9F0075D56C;
					};
				};
			};
			buildConfigurationList = CA25CE851FC08E9F0075D56C /* Build configuration list for PBXProject "BrainAppQuiz" */;
			compatibilityVersion = "Xcode 3.2";
			developmentRegion = English;
			hasScannedForEncodings = 0;
			knownRegions = (
				en,
				Base,
			);
			mainGroup = CA25CE811FC08E9F0075D56C;
			productRefGroup = CA25CE8B1FC08E9F0075D56C /* Products */;
			projectDirPath = "";
			projectRoot = "";
			targets = (
				CA25CE891FC08E9F0075D56C /* BrainAppQuiz */,
				CA25CEA21FC08E9F0075D56C /* BrainAppQuizTests */,
				CA25CEAD1FC08E9F0075D56C /* BrainAppQuizUITests */,
			);
		};
/* End PBXProject section */

/* Begin PBXResourcesBuildPhase section */
		CA25CE881FC08E9F0075D56C /* Resources */ = {
			isa = PBXResourcesBuildPhase;
			buildActionMask = 2147483647;
			files = (
				CA9C746E1FD9792F00F613F8 /* Nilland-ExtraBold.ttf in Resources */,
				CA9C74711FD9792F00F613F8 /* Nilland.ttf in Resources */,
				CAF8F7B91FD8613D00608426 /* 342756__rhodesmas__failure-01.wav in Resources */,
				CAF8F7B31FD85A4600608426 /* 351256__kinoton__deep-whoosh-1.wav in Resources */,
				CA8209D21FD787F5006306F6 /* 131660__bertrof__game-sound-correct.wav in Resources */,
				CA8209CC1FD780DA006306F6 /* buttontune.mp3 in Resources */,
				CA8209AF1FD77518006306F6 /* ProgressHUD.bundle in Resources */,
				CA9C74701FD9792F00F613F8 /* Nilland-SmallCaps.ttf in Resources */,
				CA8209D01FD7845D006306F6 /* 131657__bertrof__game-sound-wrong.wav in Resources */,
				CA9C746C1FD9792F00F613F8 /* Nilland-Black.ttf in Resources */,
				CA25CE9D1FC08E9F0075D56C /* LaunchScreen.storyboard in Resources */,
				CAF8F7B71FD8609400608426 /* 352283__sirkoto51__success-loop-1.wav in Resources */,
				CAF8F7B51FD85B9700608426 /* 352651__foolboymedia__piano-notification-3.mp3 in Resources */,
				CAB564511FD8EC7B00FFB68E /* l3.png in Resources */,
				CA25CE9A1FC08E9F0075D56C /* Assets.xcassets in Resources */,
				CA9C746D1FD9792F00F613F8 /* Nilland-Bold.ttf in Resources */,
				CA8209D41FD78A3D006306F6 /* Puzzle-Game_Looping.mp3 in Resources */,
				CA9C746F1FD9792F00F613F8 /* Nilland-SmallCaps-Bold.ttf in Resources */,
				CA25CE981FC08E9F0075D56C /* Main.storyboard in Resources */,
				CA8209A41FD7738F006306F6 /* ConfettiImages.bundle in Resources */,
			);
			runOnlyForDeploymentPostprocessing = 0;
		};
		CA25CEA11FC08E9F0075D56C /* Resources */ = {
			isa = PBXResourcesBuildPhase;
			buildActionMask = 2147483647;
			files = (
			);
			runOnlyForDeploymentPostprocessing = 0;
		};
		CA25CEAC1FC08E9F0075D56C /* Resources */ = {
			isa = PBXResourcesBuildPhase;
			buildActionMask = 2147483647;
			files = (
			);
			runOnlyForDeploymentPostprocessing = 0;
		};
/* End PBXResourcesBuildPhase section */

/* Begin PBXSourcesBuildPhase section */
		CA25CE861FC08E9F0075D56C /* Sources */ = {
			isa = PBXSourcesBuildPhase;
			buildActionMask = 2147483647;
			files = (
				CA8209BA1FD77547006306F6 /* MMDrawerBarButtonItem.m in Sources */,
				CAADC2971FC251DE007A173E /* BeginSecondViewController.m in Sources */,
				CA8209A81FD773CF006306F6 /* RQShineLabel.m in Sources */,
				CA1E37E71FD34C0C00BB0676 /* failViewController.m in Sources */,
				CA8209AB1FD774F1006306F6 /* MZTimerLabel.m in Sources */,
				CA9C74741FD9C44200F613F8 /* TOMSMorphingLabel.m in Sources */,
				CAD859D61FC317D80096E9DF /* ThirdViewController.m in Sources */,
				CAD859D91FC3691F0096E9DF /* QuestionAnswerBank.m in Sources */,
				CA25CE951FC08E9F0075D56C /* ViewController.m in Sources */,
				CA8209BD1FD77547006306F6 /* UIViewController+MMDrawerController.m in Sources */,
				CA8209B01FD77518006306F6 /* ProgressHUD.m in Sources */,
				CA8209BB1FD77547006306F6 /* MMDrawerController.m in Sources */,
				CAD859D01FC2EF840096E9DF /* typeoftestanddescription.m in Sources */,
				CAD859D31FC2F06E0096E9DF /* implementtypeanddes.m in Sources */,
				CAC2B6501FD4ADE9008FD364 /* TrueFalseViewController.m in Sources */,
				CA8209A51FD7738F006306F6 /* PHConfettiView.m in Sources */,
				CA73EBF41FCB56F0004EEC8E /* firstViewController.m in Sources */,
				CA25CE921FC08E9F0075D56C /* AppDelegate.m in Sources */,
				CA8209BC1FD77547006306F6 /* MMDrawerVisualState.m in Sources */,
				CA25CEDF1FC0A2BB0075D56C /* LeftTableViewController.m in Sources */,
				CA9C74771FD9C46B00F613F8 /* NSString+Morphing.m in Sources */,
				CA25CE8F1FC08E9F0075D56C /* main.m in Sources */,
				CA4F95071FCA360A00F8D7F8 /* ResultViewController.m in Sources */,
			);
			runOnlyForDeploymentPostprocessing = 0;
		};
		CA25CE9F1FC08E9F0075D56C /* Sources */ = {
			isa = PBXSourcesBuildPhase;
			buildActionMask = 2147483647;
			files = (
				CA25CEA81FC08E9F0075D56C /* BrainAppQuizTests.m in Sources */,
			);
			runOnlyForDeploymentPostprocessing = 0;
		};
		CA25CEAA1FC08E9F0075D56C /* Sources */ = {
			isa = PBXSourcesBuildPhase;
			buildActionMask = 2147483647;
			files = (
				CA25CEB31FC08E9F0075D56C /* BrainAppQuizUITests.m in Sources */,
			);
			runOnlyForDeploymentPostprocessing = 0;
		};
/* End PBXSourcesBuildPhase section */

/* Begin PBXTargetDependency section */
		CA25CEA51FC08E9F0075D56C /* PBXTargetDependency */ = {
			isa = PBXTargetDependency;
			target = CA25CE891FC08E9F0075D56C /* BrainAppQuiz */;
			targetProxy = CA25CEA41FC08E9F0075D56C /* PBXContainerItemProxy */;
		};
		CA25CEB01FC08E9F0075D56C /* PBXTargetDependency */ = {
			isa = PBXTargetDependency;
			target = CA25CE891FC08E9F0075D56C /* BrainAppQuiz */;
			targetProxy = CA25CEAF1FC08E9F0075D56C /* PBXContainerItemProxy */;
		};
/* End PBXTargetDependency section */

/* Begin PBXVariantGroup section */
		CA25CE961FC08E9F0075D56C /* Main.storyboard */ = {
			isa = PBXVariantGroup;
			children = (
				CA25CE971FC08E9F0075D56C /* Base */,
			);
			name = Main.storyboard;
			sourceTree = "<group>";
		};
		CA25CE9B1FC08E9F0075D56C /* LaunchScreen.storyboard */ = {
			isa = PBXVariantGroup;
			children = (
				CA25CE9C1FC08E9F0075D56C /* Base */,
			);
			name = LaunchScreen.storyboard;
			sourceTree = "<group>";
		};
/* End PBXVariantGroup section */

/* Begin XCBuildConfiguration section */
		CA25CEB51FC08E9F0075D56C /* Debug */ = {
			isa = XCBuildConfiguration;
			buildSettings = {
				ALWAYS_SEARCH_USER_PATHS = NO;
				CLANG_ANALYZER_NONNULL = YES;
				CLANG_ANALYZER_NUMBER_OBJECT_CONVERSION = YES_AGGRESSIVE;
				CLANG_CXX_LANGUAGE_STANDARD = "gnu++0x";
				CLANG_CXX_LIBRARY = "libc++";
				CLANG_ENABLE_MODULES = YES;
				CLANG_ENABLE_OBJC_ARC = YES;
				CLANG_WARN_BOOL_CONVERSION = YES;
				CLANG_WARN_CONSTANT_CONVERSION = YES;
				CLANG_WARN_DIRECT_OBJC_ISA_USAGE = YES_ERROR;
				CLANG_WARN_DOCUMENTATION_COMMENTS = YES;
				CLANG_WARN_EMPTY_BODY = YES;
				CLANG_WARN_ENUM_CONVERSION = YES;
				CLANG_WARN_INFINITE_RECURSION = YES;
				CLANG_WARN_INT_CONVERSION = YES;
				CLANG_WARN_OBJC_ROOT_CLASS = YES_ERROR;
				CLANG_WARN_SUSPICIOUS_MOVE = YES;
				CLANG_WARN_UNREACHABLE_CODE = YES;
				CLANG_WARN__DUPLICATE_METHOD_MATCH = YES;
				"CODE_SIGN_IDENTITY[sdk=iphoneos*]" = "iPhone Developer";
				COPY_PHASE_STRIP = NO;
				DEBUG_INFORMATION_FORMAT = dwarf;
				ENABLE_STRICT_OBJC_MSGSEND = YES;
				ENABLE_TESTABILITY = YES;
				GCC_C_LANGUAGE_STANDARD = gnu99;
				GCC_DYNAMIC_NO_PIC = NO;
				GCC_NO_COMMON_BLOCKS = YES;
				GCC_OPTIMIZATION_LEVEL = 0;
				GCC_PREPROCESSOR_DEFINITIONS = (
					"DEBUG=1",
					"$(inherited)",
				);
				GCC_WARN_64_TO_32_BIT_CONVERSION = YES;
				GCC_WARN_ABOUT_RETURN_TYPE = YES_ERROR;
				GCC_WARN_UNDECLARED_SELECTOR = YES;
				GCC_WARN_UNINITIALIZED_AUTOS = YES_AGGRESSIVE;
				GCC_WARN_UNUSED_FUNCTION = YES;
				GCC_WARN_UNUSED_VARIABLE = YES;
				IPHONEOS_DEPLOYMENT_TARGET = 10.3;
				MTL_ENABLE_DEBUG_INFO = YES;
				ONLY_ACTIVE_ARCH = YES;
				SDKROOT = iphoneos;
				TARGETED_DEVICE_FAMILY = "1,2";
			};
			name = Debug;
		};
		CA25CEB61FC08E9F0075D56C /* Release */ = {
			isa = XCBuildConfiguration;
			buildSettings = {
				ALWAYS_SEARCH_USER_PATHS = NO;
				CLANG_ANALYZER_NONNULL = YES;
				CLANG_ANALYZER_NUMBER_OBJECT_CONVERSION = YES_AGGRESSIVE;
				CLANG_CXX_LANGUAGE_STANDARD = "gnu++0x";
				CLANG_CXX_LIBRARY = "libc++";
				CLANG_ENABLE_MODULES = YES;
				CLANG_ENABLE_OBJC_ARC = YES;
				CLANG_WARN_BOOL_CONVERSION = YES;
				CLANG_WARN_CONSTANT_CONVERSION = YES;
				CLANG_WARN_DIRECT_OBJC_ISA_USAGE = YES_ERROR;
				CLANG_WARN_DOCUMENTATION_COMMENTS = YES;
				CLANG_WARN_EMPTY_BODY = YES;
				CLANG_WARN_ENUM_CONVERSION = YES;
				CLANG_WARN_INFINITE_RECURSION = YES;
				CLANG_WARN_INT_CONVERSION = YES;
				CLANG_WARN_OBJC_ROOT_CLASS = YES_ERROR;
				CLANG_WARN_SUSPICIOUS_MOVE = YES;
				CLANG_WARN_UNREACHABLE_CODE = YES;
				CLANG_WARN__DUPLICATE_METHOD_MATCH = YES;
				"CODE_SIGN_IDENTITY[sdk=iphoneos*]" = "iPhone Developer";
				COPY_PHASE_STRIP = NO;
				DEBUG_INFORMATION_FORMAT = "dwarf-with-dsym";
				ENABLE_NS_ASSERTIONS = NO;
				ENABLE_STRICT_OBJC_MSGSEND = YES;
				GCC_C_LANGUAGE_STANDARD = gnu99;
				GCC_NO_COMMON_BLOCKS = YES;
				GCC_WARN_64_TO_32_BIT_CONVERSION = YES;
				GCC_WARN_ABOUT_RETURN_TYPE = YES_ERROR;
				GCC_WARN_UNDECLARED_SELECTOR = YES;
				GCC_WARN_UNINITIALIZED_AUTOS = YES_AGGRESSIVE;
				GCC_WARN_UNUSED_FUNCTION = YES;
				GCC_WARN_UNUSED_VARIABLE = YES;
				IPHONEOS_DEPLOYMENT_TARGET = 10.3;
				MTL_ENABLE_DEBUG_INFO = NO;
				SDKROOT = iphoneos;
				TARGETED_DEVICE_FAMILY = "1,2";
				VALIDATE_PRODUCT = YES;
			};
			name = Release;
		};
		CA25CEB81FC08E9F0075D56C /* Debug */ = {
			isa = XCBuildConfiguration;
			buildSettings = {
				ASSETCATALOG_COMPILER_APPICON_NAME = AppIcon;
				INFOPLIST_FILE = BrainAppQuiz/Info.plist;
				IPHONEOS_DEPLOYMENT_TARGET = 10.3;
				LD_RUNPATH_SEARCH_PATHS = "$(inherited) @executable_path/Frameworks";
				PRODUCT_BUNDLE_IDENTIFIER = "Fasih-Qureshi.BrainAppQuiz";
				PRODUCT_NAME = "$(TARGET_NAME)";
			};
			name = Debug;
		};
		CA25CEB91FC08E9F0075D56C /* Release */ = {
			isa = XCBuildConfiguration;
			buildSettings = {
				ASSETCATALOG_COMPILER_APPICON_NAME = AppIcon;
				INFOPLIST_FILE = BrainAppQuiz/Info.plist;
				IPHONEOS_DEPLOYMENT_TARGET = 10.3;
				LD_RUNPATH_SEARCH_PATHS = "$(inherited) @executable_path/Frameworks";
				PRODUCT_BUNDLE_IDENTIFIER = "Fasih-Qureshi.BrainAppQuiz";
				PRODUCT_NAME = "$(TARGET_NAME)";
			};
			name = Release;
		};
		CA25CEBB1FC08E9F0075D56C /* Debug */ = {
			isa = XCBuildConfiguration;
			buildSettings = {
				BUNDLE_LOADER = "$(TEST_HOST)";
				INFOPLIST_FILE = BrainAppQuizTests/Info.plist;
				LD_RUNPATH_SEARCH_PATHS = "$(inherited) @executable_path/Frameworks @loader_path/Frameworks";
				PRODUCT_BUNDLE_IDENTIFIER = "Fasih-Qureshi.BrainAppQuizTests";
				PRODUCT_NAME = "$(TARGET_NAME)";
				TEST_HOST = "$(BUILT_PRODUCTS_DIR)/BrainAppQuiz.app/BrainAppQuiz";
			};
			name = Debug;
		};
		CA25CEBC1FC08E9F0075D56C /* Release */ = {
			isa = XCBuildConfiguration;
			buildSettings = {
				BUNDLE_LOADER = "$(TEST_HOST)";
				INFOPLIST_FILE = BrainAppQuizTests/Info.plist;
				LD_RUNPATH_SEARCH_PATHS = "$(inherited) @executable_path/Frameworks @loader_path/Frameworks";
				PRODUCT_BUNDLE_IDENTIFIER = "Fasih-Qureshi.BrainAppQuizTests";
				PRODUCT_NAME = "$(TARGET_NAME)";
				TEST_HOST = "$(BUILT_PRODUCTS_DIR)/BrainAppQuiz.app/BrainAppQuiz";
			};
			name = Release;
		};
		CA25CEBE1FC08E9F0075D56C /* Debug */ = {
			isa = XCBuildConfiguration;
			buildSettings = {
				INFOPLIST_FILE = BrainAppQuizUITests/Info.plist;
				LD_RUNPATH_SEARCH_PATHS = "$(inherited) @executable_path/Frameworks @loader_path/Frameworks";
				PRODUCT_BUNDLE_IDENTIFIER = "Fasih-Qureshi.BrainAppQuizUITests";
				PRODUCT_NAME = "$(TARGET_NAME)";
				TEST_TARGET_NAME = BrainAppQuiz;
			};
			name = Debug;
		};
		CA25CEBF1FC08E9F0075D56C /* Release */ = {
			isa = XCBuildConfiguration;
			buildSettings = {
				INFOPLIST_FILE = BrainAppQuizUITests/Info.plist;
				LD_RUNPATH_SEARCH_PATHS = "$(inherited) @executable_path/Frameworks @loader_path/Frameworks";
				PRODUCT_BUNDLE_IDENTIFIER = "Fasih-Qureshi.BrainAppQuizUITests";
				PRODUCT_NAME = "$(TARGET_NAME)";
				TEST_TARGET_NAME = BrainAppQuiz;
			};
			name = Release;
		};
/* End XCBuildConfiguration section */

/* Begin XCConfigurationList section */
		CA25CE851FC08E9F0075D56C /* Build configuration list for PBXProject "BrainAppQuiz" */ = {
			isa = XCConfigurationList;
			buildConfigurations = (
				CA25CEB51FC08E9F0075D56C /* Debug */,
				CA25CEB61FC08E9F0075D56C /* Release */,
			);
			defaultConfigurationIsVisible = 0;
			defaultConfigurationName = Release;
		};
		CA25CEB71FC08E9F0075D56C /* Build configuration list for PBXNativeTarget "BrainAppQuiz" */ = {
			isa = XCConfigurationList;
			buildConfigurations = (
				CA25CEB81FC08E9F0075D56C /* Debug */,
				CA25CEB91FC08E9F0075D56C /* Release */,
			);
			defaultConfigurationIsVisible = 0;
			defaultConfigurationName = Release;
		};
		CA25CEBA1FC08E9F0075D56C /* Build configuration list for PBXNativeTarget "BrainAppQuizTests" */ = {
			isa = XCConfigurationList;
			buildConfigurations = (
				CA25CEBB1FC08E9F0075D56C /* Debug */,
				CA25CEBC1FC08E9F0075D56C /* Release */,
			);
			defaultConfigurationIsVisible = 0;
			defaultConfigurationName = Release;
		};
		CA25CEBD1FC08E9F0075D56C /* Build configuration list for PBXNativeTarget "BrainAppQuizUITests" */ = {
			isa = XCConfigurationList;
			buildConfigurations = (
				CA25CEBE1FC08E9F0075D56C /* Debug */,
				CA25CEBF1FC08E9F0075D56C /* Release */,
			);
			defaultConfigurationIsVisible = 0;
			defaultConfigurationName = Release;
		};
/* End XCConfigurationList section */
	};
	rootObject = CA25CE821FC08E9F0075D56C /* Project object */;
}
